
Microsoft Visual Studio Solution File, Format Version 12.00
# Visual Studio Version 17
VisualStudioVersion = 17.5.33424.131
MinimumVisualStudioVersion = 10.0.40219.1
Project("{8BC9CEB8-8B4A-11D0-8D11-00A0C91BC942}") = "001_AR47Start", "001_AR47Start\001_AR47Start.vcxproj", "{F505C4D1-D86B-4A95-A2E3-F998E44C99D4}"
EndProject
Project("{8BC9CEB8-8B4A-11D0-8D11-00A0C91BC942}") = "003_MainFunction", "003_MainFunction\003_MainFunction.vcxproj", "{6B8130AC-4BBB-4F49-B708-769F6B03AA2A}"
EndProject
Project("{8BC9CEB8-8B4A-11D0-8D11-00A0C91BC942}") = "004_Var", "004_Var\004_Var.vcxproj", "{1D43A094-FF2A-4F36-9170-1224227FBD06}"
EndProject
Project("{2150E333-8FDC-42A3-9474-1A3956D46DE8}") = "Doc", "Doc", "{01259C4E-E75D-4A6B-8E4F-C9F9D82C4B4D}"
	ProjectSection(SolutionItems) = preProject
		객체지향.txt = 객체지향.txt
		구조Level의 의미.txt = 구조Level의 의미.txt
		단축키.txt = 단축키.txt
		메모리영역.txt = 메모리영역.txt
		용어설명.txt = 용어설명.txt
		컴파일과정.txt = 컴파일과정.txt
		클래스디폴트.txt = 클래스디폴트.txt
	EndProjectSection
EndProject
Project("{8BC9CEB8-8B4A-11D0-8D11-00A0C91BC942}") = "005_Operator000", "005_Operator000\005_Operator000.vcxproj", "{0937EFD0-5E8E-4CB4-88FF-15A64ADE3B32}"
EndProject
Project("{8BC9CEB8-8B4A-11D0-8D11-00A0C91BC942}") = "006_InitOrCopy", "006_InitOrCopy\006_InitOrCopy.vcxproj", "{1947C1DD-B9AF-4D5C-9F9D-E1440B5BF4E6}"
EndProject
Project("{8BC9CEB8-8B4A-11D0-8D11-00A0C91BC942}") = "007_Operator001", "007_Operator001\007_Operator001.vcxproj", "{F58EF4B0-BB1A-4DEB-BC36-5302DA9EA996}"
EndProject
Project("{8BC9CEB8-8B4A-11D0-8D11-00A0C91BC942}") = "008_Bit", "008_Bit\008_Bit.vcxproj", "{CB097621-E729-422B-9A9E-FCCD09995E93}"
EndProject
Project("{8BC9CEB8-8B4A-11D0-8D11-00A0C91BC942}") = "009_Semicolon", "009_Semicolon\009_Semicolon.vcxproj", "{4851E945-5E52-42EF-993E-4453569F0843}"
EndProject
Project("{8BC9CEB8-8B4A-11D0-8D11-00A0C91BC942}") = "010_Operator002", "010_Operator002\010_Operator002.vcxproj", "{A39E82D9-FB8E-4D93-B574-6F2A075561B1}"
EndProject
Project("{8BC9CEB8-8B4A-11D0-8D11-00A0C91BC942}") = "011_Operator003", "011_Operator003\011_Operator003.vcxproj", "{5B282A47-33AE-4086-8C23-572FCDE4E55A}"
EndProject
Project("{8BC9CEB8-8B4A-11D0-8D11-00A0C91BC942}") = "012_FunctionAndMemory", "012_FunctionAndMemory\012_FunctionAndMemory.vcxproj", "{14217FFF-4010-4975-80A9-604C94D2A0E1}"
EndProject
Project("{8BC9CEB8-8B4A-11D0-8D11-00A0C91BC942}") = "002_Compaile", "002_Compaile\002_Compaile.vcxproj", "{6E0A41F2-A0D2-4F0D-8312-A8558453D8E9}"
EndProject
Project("{8BC9CEB8-8B4A-11D0-8D11-00A0C91BC942}") = "013_Function", "013_Function\013_Function.vcxproj", "{877FE5A8-434D-4C13-84AF-1DDD95B60853}"
EndProject
Project("{8BC9CEB8-8B4A-11D0-8D11-00A0C91BC942}") = "014_Unsigned", "014_Unsigned\014_Unsigned.vcxproj", "{F2C69BAA-A572-4D6D-A5E2-78BFE7C7F6CA}"
EndProject
Project("{8BC9CEB8-8B4A-11D0-8D11-00A0C91BC942}") = "015_Character", "015_Character\015_Character.vcxproj", "{5409D513-55EC-45BF-93CE-C905DD4FB9FA}"
EndProject
Project("{8BC9CEB8-8B4A-11D0-8D11-00A0C91BC942}") = "016_ArrayToString", "016_ArrayToString\016_ArrayToString.vcxproj", "{5960BA41-AB57-4048-8D36-BDC76EA1241D}"
EndProject
Project("{8BC9CEB8-8B4A-11D0-8D11-00A0C91BC942}") = "017_Printf", "017_Printf\017_Printf.vcxproj", "{8FAC8A85-8F8F-4386-B957-EF182BFE8157}"
EndProject
Project("{8BC9CEB8-8B4A-11D0-8D11-00A0C91BC942}") = "018_Const001", "018_Const\018_Const.vcxproj", "{A69408A2-25B2-4EE5-931F-8885E5CA1F17}"
EndProject
Project("{8BC9CEB8-8B4A-11D0-8D11-00A0C91BC942}") = "019_inline001", "019_inline\019_inline.vcxproj", "{CD969450-E666-4AB1-A8C0-F13E77B16897}"
EndProject
Project("{8BC9CEB8-8B4A-11D0-8D11-00A0C91BC942}") = "020_Pointer000", "020_Pointer\020_Pointer.vcxproj", "{C0CF4C4F-A6A3-4F1B-8749-608A30511F56}"
EndProject
Project("{8BC9CEB8-8B4A-11D0-8D11-00A0C91BC942}") = "021_Pointer001", "021_Pointer001\021_Pointer001.vcxproj", "{96FBC1FD-EC25-45BF-8540-1AB8AEA6C6D3}"
EndProject
Project("{8BC9CEB8-8B4A-11D0-8D11-00A0C91BC942}") = "022_PointerOperator", "022_PointerOperator\022_PointerOperator.vcxproj", "{26322303-F234-438F-A44D-2E3DA124EC49}"
EndProject
Project("{8BC9CEB8-8B4A-11D0-8D11-00A0C91BC942}") = "023_nullptr", "023_nullptr\023_nullptr.vcxproj", "{ECC42FD2-B00D-42E4-AC0A-52D8D3573061}"
EndProject
Project("{8BC9CEB8-8B4A-11D0-8D11-00A0C91BC942}") = "024_Reference", "024_Reference\024_Reference.vcxproj", "{72DB497B-F6E8-4018-A513-186E75C918DE}"
EndProject
Project("{8BC9CEB8-8B4A-11D0-8D11-00A0C91BC942}") = "025_Const002", "025_Const002\025_Const002.vcxproj", "{D2B80BE4-BE74-429C-9A54-7A5A8BBACBC1}"
EndProject
Project("{8BC9CEB8-8B4A-11D0-8D11-00A0C91BC942}") = "026_TypeChange", "026_TypeChange\026_TypeChange.vcxproj", "{A05FFD7F-56CB-4E3D-B5D9-3909FE7FB358}"
EndProject
Project("{8BC9CEB8-8B4A-11D0-8D11-00A0C91BC942}") = "027_Printf_s", "027_Printf_s_Create\027_Printf_s_Create.vcxproj", "{83FF2F9F-038B-4006-902F-F7AC4F73D591}"
EndProject
Project("{8BC9CEB8-8B4A-11D0-8D11-00A0C91BC942}") = "028_While", "028_While\028_While.vcxproj", "{467A4BAC-3297-4A41-9335-2895CEEFFA26}"
EndProject
Project("{8BC9CEB8-8B4A-11D0-8D11-00A0C91BC942}") = "029_Variableargument", "029_Variableargument\029_Variableargument.vcxproj", "{DAAEBF4E-A473-4E6A-AE1B-DC16368DB444}"
EndProject
Project("{8BC9CEB8-8B4A-11D0-8D11-00A0C91BC942}") = "030_PointerOperator000", "030_PointerOperator000\030_PointerOperator000.vcxproj", "{5AFA80F8-5F00-4FEB-B832-B847D062FDCC}"
EndProject
Project("{8BC9CEB8-8B4A-11D0-8D11-00A0C91BC942}") = "031_if", "031_if\031_if.vcxproj", "{C9F716BE-FD0E-4249-8224-476C7677A5C6}"
EndProject
Project("{8BC9CEB8-8B4A-11D0-8D11-00A0C91BC942}") = "032_Switch", "032_Switch\032_Switch.vcxproj", "{D902D18E-74BE-4C3F-BB61-081FE50D0B1A}"
EndProject
Project("{8BC9CEB8-8B4A-11D0-8D11-00A0C91BC942}") = "033_MyPrintf", "033_MyPrintf\033_MyPrintf.vcxproj", "{45D22813-3010-4885-A2D6-D89D628CFFFC}"
EndProject
Project("{2150E333-8FDC-42A3-9474-1A3956D46DE8}") = "HomeWork", "HomeWork", "{3859C5A6-3878-4F41-A4E6-7EEFC96ACD53}"
EndProject
Project("{8BC9CEB8-8B4A-11D0-8D11-00A0C91BC942}") = "HomeWork0317", "HomeWork0317\HomeWork0317.vcxproj", "{94E654BF-A65E-4F45-8E18-DFDCF2FE48E8}"
EndProject
Project("{8BC9CEB8-8B4A-11D0-8D11-00A0C91BC942}") = "034_Random", "034_Random\034_Random.vcxproj", "{6810F849-C3AB-4813-B40B-CC2E02EEC461}"
EndProject
Project("{8BC9CEB8-8B4A-11D0-8D11-00A0C91BC942}") = "035_For", "035_For\035_For.vcxproj", "{FEBB2D2B-CAAE-4A4A-B8A4-519242701C01}"
EndProject
Project("{8BC9CEB8-8B4A-11D0-8D11-00A0C91BC942}") = "036_Global", "036_Global\036_Global.vcxproj", "{69905F73-EA88-4338-9A30-F1F6C007363E}"
EndProject
Project("{8BC9CEB8-8B4A-11D0-8D11-00A0C91BC942}") = "037_typedef", "037_typedef\037_typedef.vcxproj", "{5374014A-9241-402D-82BB-27B87C5B12BC}"
EndProject
Project("{8BC9CEB8-8B4A-11D0-8D11-00A0C91BC942}") = "038_Class", "038_Class\038_Class.vcxproj", "{DE77AC5E-E862-4E31-AA43-05F27F4CF616}"
EndProject
Project("{8BC9CEB8-8B4A-11D0-8D11-00A0C91BC942}") = "039_BreakAndContinue", "039_BreakAndContinue\039_BreakAndContinue.vcxproj", "{60771910-6657-4E6A-9D91-067175B4A5E4}"
EndProject
Project("{8BC9CEB8-8B4A-11D0-8D11-00A0C91BC942}") = "040_Class001", "040_Class001\040_Class001.vcxproj", "{1B3322E4-1DFA-4711-97B7-19950AADB72A}"
EndProject
Project("{8BC9CEB8-8B4A-11D0-8D11-00A0C91BC942}") = "HomeWork0321", "HomeWork0321\HomeWork0321.vcxproj", "{CC025C94-34DF-49C4-AC35-E3FF9FACB78D}"
EndProject
Project("{8BC9CEB8-8B4A-11D0-8D11-00A0C91BC942}") = "041_Class002_UserAccess", "041_Class002_UserAccess\041_Class002_UserAccess.vcxproj", "{88E06348-419A-491F-B85D-E4B3E45FFF19}"
EndProject
Project("{8BC9CEB8-8B4A-11D0-8D11-00A0C91BC942}") = "042_Class003_Struct", "042_Class003_Struct\042_Class003_Struct.vcxproj", "{7D4CE77D-4CBB-4B94-8994-DC71B4F93CA0}"
EndProject
Project("{8BC9CEB8-8B4A-11D0-8D11-00A0C91BC942}") = "043_Arr2d", "043_Arr2d\043_Arr2d.vcxproj", "{F701AA60-21E0-42AB-82CC-CE4ED8D3D0F9}"
EndProject
Project("{8BC9CEB8-8B4A-11D0-8D11-00A0C91BC942}") = "044_Member", "044_Member\044_Member.vcxproj", "{55C61D0D-CB8D-4D32-A1DB-22D2392DF06A}"
EndProject
Project("{8BC9CEB8-8B4A-11D0-8D11-00A0C91BC942}") = "045_NameSpace", "045_NameSpace\045_NameSpace.vcxproj", "{2572C524-5A0F-45B0-BD39-72C73C2F6D5A}"
EndProject
Project("{8BC9CEB8-8B4A-11D0-8D11-00A0C91BC942}") = "046_BytePadding", "046_BytePadding\046_BytePadding.vcxproj", "{B712737A-3A9E-4596-924D-FB6FE87FDDAB}"
EndProject
Project("{8BC9CEB8-8B4A-11D0-8D11-00A0C91BC942}") = "047_ClassConstructer", "047_ClassConstructer\047_ClassConstructer.vcxproj", "{A3F2FFA7-F4A6-47A3-BA21-3C6A650A68E6}"
EndProject
Project("{8BC9CEB8-8B4A-11D0-8D11-00A0C91BC942}") = "048_This", "048_This\048_This.vcxproj", "{565D42FF-A6C3-4E2D-A268-758D716C1570}"
EndProject
Project("{8BC9CEB8-8B4A-11D0-8D11-00A0C91BC942}") = "049_ClassObjectPointer", "049_ClassObjectPointer\049_ClassObjectPointer.vcxproj", "{BC3F8EC4-CEEA-4085-B110-20CC86BB0479}"
EndProject
Project("{8BC9CEB8-8B4A-11D0-8D11-00A0C91BC942}") = "050_ClassOperator", "050_ClassOperator\050_ClassOperator.vcxproj", "{FC8D29E6-F94C-4F61-8507-075A39B6B53D}"
EndProject
Project("{8BC9CEB8-8B4A-11D0-8D11-00A0C91BC942}") = "HomeWork0323", "HomeWork0323\HomeWork0323.vcxproj", "{83E1C0F3-EC2D-47A5-9618-4337614E4EF1}"
EndProject
Project("{2150E333-8FDC-42A3-9474-1A3956D46DE8}") = "Etc", "Etc", "{854A23DA-D231-48BA-8273-4EF498916007}"
EndProject
Project("{8BC9CEB8-8B4A-11D0-8D11-00A0C91BC942}") = "constEx", "constEx\constEx.vcxproj", "{1B188F67-16AF-4D99-9395-C6DC7C64B133}"
EndProject
Project("{8BC9CEB8-8B4A-11D0-8D11-00A0C91BC942}") = "051_ClassParameter", "051_ClassParameter\051_ClassParameter.vcxproj", "{4A5C2F69-3143-47BE-9191-9581B6850750}"
EndProject
Project("{8BC9CEB8-8B4A-11D0-8D11-00A0C91BC942}") = "HomeWork0324", "HomeWork0324\HomeWork0324.vcxproj", "{8104EE23-24F9-4DA8-8E8D-ADA32A64F3F8}"
EndProject
Project("{8BC9CEB8-8B4A-11D0-8D11-00A0C91BC942}") = "_getch", "_getch\_getch.vcxproj", "{AAC692D5-7B58-4BC8-AD98-4B676432B0B7}"
EndProject
Project("{8BC9CEB8-8B4A-11D0-8D11-00A0C91BC942}") = "052_ClassConst", "052_ClassConst\052_ClassConst.vcxproj", "{A2DE9389-C522-4088-82E2-F1C24EDA04D5}"
EndProject
Project("{8BC9CEB8-8B4A-11D0-8D11-00A0C91BC942}") = "053_GlobalValue", "053_GlobalValue\053_GlobalValue.vcxproj", "{DF6B8E34-10DB-414D-B5AA-D7159652B537}"
EndProject
Project("{8BC9CEB8-8B4A-11D0-8D11-00A0C91BC942}") = "054_FunctionOverloading", "054_FunctionOverloading\054_FunctionOverloading.vcxproj", "{FC95905B-032C-4344-8FAB-7BB5F04DB391}"
EndProject
Project("{8BC9CEB8-8B4A-11D0-8D11-00A0C91BC942}") = "055_Declaration", "055_Declaration\055_Declaration.vcxproj", "{50DA647A-2EDA-455A-A599-9E8D38C63CA1}"
EndProject
Project("{8BC9CEB8-8B4A-11D0-8D11-00A0C91BC942}") = "056_ClassDeclaration", "056_ClassDeclaration\056_ClassDeclaration.vcxproj", "{7C01F9D2-C4FC-412C-AC29-4627FD41E034}"
EndProject
Project("{8BC9CEB8-8B4A-11D0-8D11-00A0C91BC942}") = "057_HeaderAndCpp", "057_HeaderAndCpp\057_HeaderAndCpp.vcxproj", "{587DE30C-831E-4086-A7C1-7FE11F4E1E75}"
EndProject
Project("{8BC9CEB8-8B4A-11D0-8D11-00A0C91BC942}") = "HomeWork0329", "HomeWork0329\HomeWork0329.vcxproj", "{510FFBC9-E522-40E4-B5FD-0CCFF0BFBFFE}"
EndProject
Project("{8BC9CEB8-8B4A-11D0-8D11-00A0C91BC942}") = "HomeWork0330", "HomeWork0330\HomeWork0330.vcxproj", "{042B58C7-2753-48D5-B27D-ED3554D9FB4E}"
EndProject
Project("{8BC9CEB8-8B4A-11D0-8D11-00A0C91BC942}") = "058_inheritance", "058_inheritance\058_inheritance.vcxproj", "{51FAE668-0036-4F86-A9B4-3100395096DA}"
EndProject
Project("{8BC9CEB8-8B4A-11D0-8D11-00A0C91BC942}") = "HomeWork0331", "HomeWork0331\HomeWork0331.vcxproj", "{7E788C17-0A0A-465F-8D79-E9E1BE1657F2}"
EndProject
Project("{8BC9CEB8-8B4A-11D0-8D11-00A0C91BC942}") = "059_inheritanceMemory", "059_inheritanceMemory\059_inheritanceMemory.vcxproj", "{242C091F-AB55-4A68-801D-A1DF16EDEA1A}"
EndProject
Project("{8BC9CEB8-8B4A-11D0-8D11-00A0C91BC942}") = "060_ClassDefault", "060_ClassDefault\060_ClassDefault.vcxproj", "{5AA6353A-C35A-4C3C-8D5A-E7F4A260BCC7}"
EndProject
Project("{8BC9CEB8-8B4A-11D0-8D11-00A0C91BC942}") = "47ClassDefault", "47ClassDefault\47ClassDefault.vcxproj", "{EBC98A7F-0BE5-41CC-BCBE-9FB268A1F019}"
EndProject
Project("{8BC9CEB8-8B4A-11D0-8D11-00A0C91BC942}") = "061_FunctionPointer", "061_FunctionPointer\061_FunctionPointer.vcxproj", "{4BC4902D-5488-4357-B148-490FD11A09C6}"
EndProject
Project("{8BC9CEB8-8B4A-11D0-8D11-00A0C91BC942}") = "062_VirtualSize", "062_VirtualSize\062_VirtualSize.vcxproj", "{A6700142-4FBA-486C-88F5-FA808FB65AC8}"
EndProject
Project("{8BC9CEB8-8B4A-11D0-8D11-00A0C91BC942}") = "063_UpAndDownCasting", "063_UpAndDownCasting\063_UpAndDownCasting.vcxproj", "{8F788E2C-C5BA-4F41-AC66-2ABC1FD2DA4F}"
EndProject
Project("{8BC9CEB8-8B4A-11D0-8D11-00A0C91BC942}") = "064_VPtr", "064_VPtr\064_VPtr.vcxproj", "{DDD141A2-966D-4C3A-9FEB-1E90B4A7CA42}"
EndProject
Project("{8BC9CEB8-8B4A-11D0-8D11-00A0C91BC942}") = "065_Heap", "065_Heap\065_Heap.vcxproj", "{39A6A1A9-CAE1-4704-9C48-D17AB9A2442C}"
EndProject
Project("{8BC9CEB8-8B4A-11D0-8D11-00A0C91BC942}") = "066_DeleteHeap", "066_DeleteHeap\066_DeleteHeap.vcxproj", "{456CFD4D-055D-43FC-B9DF-5015D19ADD6A}"
EndProject
Project("{8BC9CEB8-8B4A-11D0-8D11-00A0C91BC942}") = "067_ArrayHeap", "067_ArrayHeap\067_ArrayHeap.vcxproj", "{61C2B24D-1828-4F16-8D4C-860112162D5F}"
EndProject
Project("{2150E333-8FDC-42A3-9474-1A3956D46DE8}") = "DataStruct", "DataStruct", "{3C7F32A7-08A8-416E-A0B2-C8E45EA0C0F8}"
	ProjectSection(SolutionItems) = preProject
		Stl.txt = Stl.txt
		자료구조.txt = 자료구조.txt
	EndProjectSection
EndProject
Project("{8BC9CEB8-8B4A-11D0-8D11-00A0C91BC942}") = "GameEngineArray", "GameEngineArray\GameEngineArray.vcxproj", "{72FF202E-5829-4324-B0CA-F3E69062968E}"
EndProject
Project("{8BC9CEB8-8B4A-11D0-8D11-00A0C91BC942}") = "068_Template", "068_Template\068_Template.vcxproj", "{3DF39D58-B8BD-425E-A29A-AC37D07FDF4F}"
EndProject
Project("{8BC9CEB8-8B4A-11D0-8D11-00A0C91BC942}") = "069_DeepCopyAndShallow Copy", "069_DeepCopyAndShallow Copy\069_DeepCopyAndShallow Copy.vcxproj", "{D0E30371-0509-49A7-977B-C0FAE2C424DE}"
EndProject
Project("{8BC9CEB8-8B4A-11D0-8D11-00A0C91BC942}") = "070_Assert", "070_Assert\070_Assert.vcxproj", "{91B9241D-2EDA-4721-A78A-A5D11DFE0EEB}"
EndProject
Project("{8BC9CEB8-8B4A-11D0-8D11-00A0C91BC942}") = "071_Define", "071_Define\071_Define.vcxproj", "{B61CEA46-492B-4B6F-8142-B8B1F48A0F23}"
EndProject
Project("{2150E333-8FDC-42A3-9474-1A3956D46DE8}") = "Base", "Base", "{812684E5-C996-4A9A-BDD3-487D1E2E4DD6}"
EndProject
Project("{8BC9CEB8-8B4A-11D0-8D11-00A0C91BC942}") = "GameEngineBase", "GameEngineBase\GameEngineBase.vcxproj", "{5A502220-530C-4B92-B8B3-90692041EA66}"
EndProject
Project("{8BC9CEB8-8B4A-11D0-8D11-00A0C91BC942}") = "GameEngineConsole", "GameEngineConsole\GameEngineConsole.vcxproj", "{10B713B6-7BEF-455D-9877-3A601EC910A8}"
EndProject
Project("{8BC9CEB8-8B4A-11D0-8D11-00A0C91BC942}") = "HomeWork0407", "HomeWork0407\HomeWork0407.vcxproj", "{722B4493-5276-4F72-A875-F3E1218FF60D}"
EndProject
Project("{8BC9CEB8-8B4A-11D0-8D11-00A0C91BC942}") = "072_ClassNew", "072_ClassNew\072_ClassNew.vcxproj", "{CC183529-470F-4CB5-BA51-7BDF9EAEF96C}"
EndProject
Project("{8BC9CEB8-8B4A-11D0-8D11-00A0C91BC942}") = "073_Enum", "073_Enum\073_Enum.vcxproj", "{A01D13F4-3792-4359-865E-65CA10817AA1}"
EndProject
Project("{8BC9CEB8-8B4A-11D0-8D11-00A0C91BC942}") = "GameEngineNode", "GameEngineNode\GameEngineNode.vcxproj", "{6DFEEA95-CFB9-4F7D-B184-F9AADCAA44B7}"
EndProject
Project("{8BC9CEB8-8B4A-11D0-8D11-00A0C91BC942}") = "GameEngineVector", "GameEngineVector\GameEngineVector.vcxproj", "{05D86291-4B22-48D4-B6E4-40BF26230E9C}"
EndProject
Project("{8BC9CEB8-8B4A-11D0-8D11-00A0C91BC942}") = "GameEngineList", "GameEngineList\GameEngineList.vcxproj", "{E522CB85-A341-4D25-AE84-8B26C5BB6397}"
EndProject
Project("{8BC9CEB8-8B4A-11D0-8D11-00A0C91BC942}") = "074_InnerClass", "074_InnerClass\074_InnerClass.vcxproj", "{F50EB5AB-5216-42D0-8131-521BE688F34D}"
EndProject
Project("{8BC9CEB8-8B4A-11D0-8D11-00A0C91BC942}") = "075_Friend", "075_Friend\075_Friend.vcxproj", "{14E49F1A-121C-402A-B5AA-FBDB4899E909}"
EndProject
Project("{8BC9CEB8-8B4A-11D0-8D11-00A0C91BC942}") = "HomeWork0413", "HomeWork0413\HomeWork0413.vcxproj", "{282DDE8C-4A43-4E98-9DED-BC09809673EA}"
EndProject
Project("{8BC9CEB8-8B4A-11D0-8D11-00A0C91BC942}") = "076_recursiveFunction", "076_recursiveFunction\076_recursiveFunction.vcxproj", "{10A69131-2674-4706-AEAB-F2EF8992FCE6}"
EndProject
Project("{8BC9CEB8-8B4A-11D0-8D11-00A0C91BC942}") = "077_MyCout", "077_MyCout\077_MyCout.vcxproj", "{C203C84B-3946-44CA-97B3-C5AB3395B6E9}"
EndProject
Project("{8BC9CEB8-8B4A-11D0-8D11-00A0C91BC942}") = "HomeWork0414", "HomeWork0414\HomeWork0414.vcxproj", "{9FC8EBA3-950A-4E99-8ED1-6D6131D17C45}"
EndProject
Global
	GlobalSection(SolutionConfigurationPlatforms) = preSolution
		Debug|x64 = Debug|x64
		Debug|x86 = Debug|x86
		Release|x64 = Release|x64
		Release|x86 = Release|x86
	EndGlobalSection
	GlobalSection(ProjectConfigurationPlatforms) = postSolution
		{F505C4D1-D86B-4A95-A2E3-F998E44C99D4}.Debug|x64.ActiveCfg = Debug|x64
		{F505C4D1-D86B-4A95-A2E3-F998E44C99D4}.Debug|x64.Build.0 = Debug|x64
		{F505C4D1-D86B-4A95-A2E3-F998E44C99D4}.Debug|x86.ActiveCfg = Debug|Win32
		{F505C4D1-D86B-4A95-A2E3-F998E44C99D4}.Debug|x86.Build.0 = Debug|Win32
		{F505C4D1-D86B-4A95-A2E3-F998E44C99D4}.Release|x64.ActiveCfg = Release|x64
		{F505C4D1-D86B-4A95-A2E3-F998E44C99D4}.Release|x64.Build.0 = Release|x64
		{F505C4D1-D86B-4A95-A2E3-F998E44C99D4}.Release|x86.ActiveCfg = Release|Win32
		{F505C4D1-D86B-4A95-A2E3-F998E44C99D4}.Release|x86.Build.0 = Release|Win32
		{6B8130AC-4BBB-4F49-B708-769F6B03AA2A}.Debug|x64.ActiveCfg = Debug|x64
		{6B8130AC-4BBB-4F49-B708-769F6B03AA2A}.Debug|x64.Build.0 = Debug|x64
		{6B8130AC-4BBB-4F49-B708-769F6B03AA2A}.Debug|x86.ActiveCfg = Debug|Win32
		{6B8130AC-4BBB-4F49-B708-769F6B03AA2A}.Debug|x86.Build.0 = Debug|Win32
		{6B8130AC-4BBB-4F49-B708-769F6B03AA2A}.Release|x64.ActiveCfg = Release|x64
		{6B8130AC-4BBB-4F49-B708-769F6B03AA2A}.Release|x64.Build.0 = Release|x64
		{6B8130AC-4BBB-4F49-B708-769F6B03AA2A}.Release|x86.ActiveCfg = Release|Win32
		{6B8130AC-4BBB-4F49-B708-769F6B03AA2A}.Release|x86.Build.0 = Release|Win32
		{1D43A094-FF2A-4F36-9170-1224227FBD06}.Debug|x64.ActiveCfg = Debug|x64
		{1D43A094-FF2A-4F36-9170-1224227FBD06}.Debug|x64.Build.0 = Debug|x64
		{1D43A094-FF2A-4F36-9170-1224227FBD06}.Debug|x86.ActiveCfg = Debug|Win32
		{1D43A094-FF2A-4F36-9170-1224227FBD06}.Debug|x86.Build.0 = Debug|Win32
		{1D43A094-FF2A-4F36-9170-1224227FBD06}.Release|x64.ActiveCfg = Release|x64
		{1D43A094-FF2A-4F36-9170-1224227FBD06}.Release|x64.Build.0 = Release|x64
		{1D43A094-FF2A-4F36-9170-1224227FBD06}.Release|x86.ActiveCfg = Release|Win32
		{1D43A094-FF2A-4F36-9170-1224227FBD06}.Release|x86.Build.0 = Release|Win32
		{0937EFD0-5E8E-4CB4-88FF-15A64ADE3B32}.Debug|x64.ActiveCfg = Debug|x64
		{0937EFD0-5E8E-4CB4-88FF-15A64ADE3B32}.Debug|x64.Build.0 = Debug|x64
		{0937EFD0-5E8E-4CB4-88FF-15A64ADE3B32}.Debug|x86.ActiveCfg = Debug|Win32
		{0937EFD0-5E8E-4CB4-88FF-15A64ADE3B32}.Debug|x86.Build.0 = Debug|Win32
		{0937EFD0-5E8E-4CB4-88FF-15A64ADE3B32}.Release|x64.ActiveCfg = Release|x64
		{0937EFD0-5E8E-4CB4-88FF-15A64ADE3B32}.Release|x64.Build.0 = Release|x64
		{0937EFD0-5E8E-4CB4-88FF-15A64ADE3B32}.Release|x86.ActiveCfg = Release|Win32
		{0937EFD0-5E8E-4CB4-88FF-15A64ADE3B32}.Release|x86.Build.0 = Release|Win32
		{1947C1DD-B9AF-4D5C-9F9D-E1440B5BF4E6}.Debug|x64.ActiveCfg = Debug|x64
		{1947C1DD-B9AF-4D5C-9F9D-E1440B5BF4E6}.Debug|x64.Build.0 = Debug|x64
		{1947C1DD-B9AF-4D5C-9F9D-E1440B5BF4E6}.Debug|x86.ActiveCfg = Debug|Win32
		{1947C1DD-B9AF-4D5C-9F9D-E1440B5BF4E6}.Debug|x86.Build.0 = Debug|Win32
		{1947C1DD-B9AF-4D5C-9F9D-E1440B5BF4E6}.Release|x64.ActiveCfg = Release|x64
		{1947C1DD-B9AF-4D5C-9F9D-E1440B5BF4E6}.Release|x64.Build.0 = Release|x64
		{1947C1DD-B9AF-4D5C-9F9D-E1440B5BF4E6}.Release|x86.ActiveCfg = Release|Win32
		{1947C1DD-B9AF-4D5C-9F9D-E1440B5BF4E6}.Release|x86.Build.0 = Release|Win32
		{F58EF4B0-BB1A-4DEB-BC36-5302DA9EA996}.Debug|x64.ActiveCfg = Debug|x64
		{F58EF4B0-BB1A-4DEB-BC36-5302DA9EA996}.Debug|x64.Build.0 = Debug|x64
		{F58EF4B0-BB1A-4DEB-BC36-5302DA9EA996}.Debug|x86.ActiveCfg = Debug|Win32
		{F58EF4B0-BB1A-4DEB-BC36-5302DA9EA996}.Debug|x86.Build.0 = Debug|Win32
		{F58EF4B0-BB1A-4DEB-BC36-5302DA9EA996}.Release|x64.ActiveCfg = Release|x64
		{F58EF4B0-BB1A-4DEB-BC36-5302DA9EA996}.Release|x64.Build.0 = Release|x64
		{F58EF4B0-BB1A-4DEB-BC36-5302DA9EA996}.Release|x86.ActiveCfg = Release|Win32
		{F58EF4B0-BB1A-4DEB-BC36-5302DA9EA996}.Release|x86.Build.0 = Release|Win32
		{CB097621-E729-422B-9A9E-FCCD09995E93}.Debug|x64.ActiveCfg = Debug|x64
		{CB097621-E729-422B-9A9E-FCCD09995E93}.Debug|x64.Build.0 = Debug|x64
		{CB097621-E729-422B-9A9E-FCCD09995E93}.Debug|x86.ActiveCfg = Debug|Win32
		{CB097621-E729-422B-9A9E-FCCD09995E93}.Debug|x86.Build.0 = Debug|Win32
		{CB097621-E729-422B-9A9E-FCCD09995E93}.Release|x64.ActiveCfg = Release|x64
		{CB097621-E729-422B-9A9E-FCCD09995E93}.Release|x64.Build.0 = Release|x64
		{CB097621-E729-422B-9A9E-FCCD09995E93}.Release|x86.ActiveCfg = Release|Win32
		{CB097621-E729-422B-9A9E-FCCD09995E93}.Release|x86.Build.0 = Release|Win32
		{4851E945-5E52-42EF-993E-4453569F0843}.Debug|x64.ActiveCfg = Debug|x64
		{4851E945-5E52-42EF-993E-4453569F0843}.Debug|x64.Build.0 = Debug|x64
		{4851E945-5E52-42EF-993E-4453569F0843}.Debug|x86.ActiveCfg = Debug|Win32
		{4851E945-5E52-42EF-993E-4453569F0843}.Debug|x86.Build.0 = Debug|Win32
		{4851E945-5E52-42EF-993E-4453569F0843}.Release|x64.ActiveCfg = Release|x64
		{4851E945-5E52-42EF-993E-4453569F0843}.Release|x64.Build.0 = Release|x64
		{4851E945-5E52-42EF-993E-4453569F0843}.Release|x86.ActiveCfg = Release|Win32
		{4851E945-5E52-42EF-993E-4453569F0843}.Release|x86.Build.0 = Release|Win32
		{A39E82D9-FB8E-4D93-B574-6F2A075561B1}.Debug|x64.ActiveCfg = Debug|x64
		{A39E82D9-FB8E-4D93-B574-6F2A075561B1}.Debug|x64.Build.0 = Debug|x64
		{A39E82D9-FB8E-4D93-B574-6F2A075561B1}.Debug|x86.ActiveCfg = Debug|Win32
		{A39E82D9-FB8E-4D93-B574-6F2A075561B1}.Debug|x86.Build.0 = Debug|Win32
		{A39E82D9-FB8E-4D93-B574-6F2A075561B1}.Release|x64.ActiveCfg = Release|x64
		{A39E82D9-FB8E-4D93-B574-6F2A075561B1}.Release|x64.Build.0 = Release|x64
		{A39E82D9-FB8E-4D93-B574-6F2A075561B1}.Release|x86.ActiveCfg = Release|Win32
		{A39E82D9-FB8E-4D93-B574-6F2A075561B1}.Release|x86.Build.0 = Release|Win32
		{5B282A47-33AE-4086-8C23-572FCDE4E55A}.Debug|x64.ActiveCfg = Debug|x64
		{5B282A47-33AE-4086-8C23-572FCDE4E55A}.Debug|x64.Build.0 = Debug|x64
		{5B282A47-33AE-4086-8C23-572FCDE4E55A}.Debug|x86.ActiveCfg = Debug|Win32
		{5B282A47-33AE-4086-8C23-572FCDE4E55A}.Debug|x86.Build.0 = Debug|Win32
		{5B282A47-33AE-4086-8C23-572FCDE4E55A}.Release|x64.ActiveCfg = Release|x64
		{5B282A47-33AE-4086-8C23-572FCDE4E55A}.Release|x64.Build.0 = Release|x64
		{5B282A47-33AE-4086-8C23-572FCDE4E55A}.Release|x86.ActiveCfg = Release|Win32
		{5B282A47-33AE-4086-8C23-572FCDE4E55A}.Release|x86.Build.0 = Release|Win32
		{14217FFF-4010-4975-80A9-604C94D2A0E1}.Debug|x64.ActiveCfg = Debug|x64
		{14217FFF-4010-4975-80A9-604C94D2A0E1}.Debug|x64.Build.0 = Debug|x64
		{14217FFF-4010-4975-80A9-604C94D2A0E1}.Debug|x86.ActiveCfg = Debug|Win32
		{14217FFF-4010-4975-80A9-604C94D2A0E1}.Debug|x86.Build.0 = Debug|Win32
		{14217FFF-4010-4975-80A9-604C94D2A0E1}.Release|x64.ActiveCfg = Release|x64
		{14217FFF-4010-4975-80A9-604C94D2A0E1}.Release|x64.Build.0 = Release|x64
		{14217FFF-4010-4975-80A9-604C94D2A0E1}.Release|x86.ActiveCfg = Release|Win32
		{14217FFF-4010-4975-80A9-604C94D2A0E1}.Release|x86.Build.0 = Release|Win32
		{6E0A41F2-A0D2-4F0D-8312-A8558453D8E9}.Debug|x64.ActiveCfg = Debug|x64
		{6E0A41F2-A0D2-4F0D-8312-A8558453D8E9}.Debug|x64.Build.0 = Debug|x64
		{6E0A41F2-A0D2-4F0D-8312-A8558453D8E9}.Debug|x86.ActiveCfg = Debug|Win32
		{6E0A41F2-A0D2-4F0D-8312-A8558453D8E9}.Debug|x86.Build.0 = Debug|Win32
		{6E0A41F2-A0D2-4F0D-8312-A8558453D8E9}.Release|x64.ActiveCfg = Release|x64
		{6E0A41F2-A0D2-4F0D-8312-A8558453D8E9}.Release|x64.Build.0 = Release|x64
		{6E0A41F2-A0D2-4F0D-8312-A8558453D8E9}.Release|x86.ActiveCfg = Release|Win32
		{6E0A41F2-A0D2-4F0D-8312-A8558453D8E9}.Release|x86.Build.0 = Release|Win32
		{877FE5A8-434D-4C13-84AF-1DDD95B60853}.Debug|x64.ActiveCfg = Debug|x64
		{877FE5A8-434D-4C13-84AF-1DDD95B60853}.Debug|x64.Build.0 = Debug|x64
		{877FE5A8-434D-4C13-84AF-1DDD95B60853}.Debug|x86.ActiveCfg = Debug|Win32
		{877FE5A8-434D-4C13-84AF-1DDD95B60853}.Debug|x86.Build.0 = Debug|Win32
		{877FE5A8-434D-4C13-84AF-1DDD95B60853}.Release|x64.ActiveCfg = Release|x64
		{877FE5A8-434D-4C13-84AF-1DDD95B60853}.Release|x64.Build.0 = Release|x64
		{877FE5A8-434D-4C13-84AF-1DDD95B60853}.Release|x86.ActiveCfg = Release|Win32
		{877FE5A8-434D-4C13-84AF-1DDD95B60853}.Release|x86.Build.0 = Release|Win32
		{F2C69BAA-A572-4D6D-A5E2-78BFE7C7F6CA}.Debug|x64.ActiveCfg = Debug|x64
		{F2C69BAA-A572-4D6D-A5E2-78BFE7C7F6CA}.Debug|x64.Build.0 = Debug|x64
		{F2C69BAA-A572-4D6D-A5E2-78BFE7C7F6CA}.Debug|x86.ActiveCfg = Debug|Win32
		{F2C69BAA-A572-4D6D-A5E2-78BFE7C7F6CA}.Debug|x86.Build.0 = Debug|Win32
		{F2C69BAA-A572-4D6D-A5E2-78BFE7C7F6CA}.Release|x64.ActiveCfg = Release|x64
		{F2C69BAA-A572-4D6D-A5E2-78BFE7C7F6CA}.Release|x64.Build.0 = Release|x64
		{F2C69BAA-A572-4D6D-A5E2-78BFE7C7F6CA}.Release|x86.ActiveCfg = Release|Win32
		{F2C69BAA-A572-4D6D-A5E2-78BFE7C7F6CA}.Release|x86.Build.0 = Release|Win32
		{5409D513-55EC-45BF-93CE-C905DD4FB9FA}.Debug|x64.ActiveCfg = Debug|x64
		{5409D513-55EC-45BF-93CE-C905DD4FB9FA}.Debug|x64.Build.0 = Debug|x64
		{5409D513-55EC-45BF-93CE-C905DD4FB9FA}.Debug|x86.ActiveCfg = Debug|Win32
		{5409D513-55EC-45BF-93CE-C905DD4FB9FA}.Debug|x86.Build.0 = Debug|Win32
		{5409D513-55EC-45BF-93CE-C905DD4FB9FA}.Release|x64.ActiveCfg = Release|x64
		{5409D513-55EC-45BF-93CE-C905DD4FB9FA}.Release|x64.Build.0 = Release|x64
		{5409D513-55EC-45BF-93CE-C905DD4FB9FA}.Release|x86.ActiveCfg = Release|Win32
		{5409D513-55EC-45BF-93CE-C905DD4FB9FA}.Release|x86.Build.0 = Release|Win32
		{5960BA41-AB57-4048-8D36-BDC76EA1241D}.Debug|x64.ActiveCfg = Debug|x64
		{5960BA41-AB57-4048-8D36-BDC76EA1241D}.Debug|x64.Build.0 = Debug|x64
		{5960BA41-AB57-4048-8D36-BDC76EA1241D}.Debug|x86.ActiveCfg = Debug|Win32
		{5960BA41-AB57-4048-8D36-BDC76EA1241D}.Debug|x86.Build.0 = Debug|Win32
		{5960BA41-AB57-4048-8D36-BDC76EA1241D}.Release|x64.ActiveCfg = Release|x64
		{5960BA41-AB57-4048-8D36-BDC76EA1241D}.Release|x64.Build.0 = Release|x64
		{5960BA41-AB57-4048-8D36-BDC76EA1241D}.Release|x86.ActiveCfg = Release|Win32
		{5960BA41-AB57-4048-8D36-BDC76EA1241D}.Release|x86.Build.0 = Release|Win32
		{8FAC8A85-8F8F-4386-B957-EF182BFE8157}.Debug|x64.ActiveCfg = Debug|x64
		{8FAC8A85-8F8F-4386-B957-EF182BFE8157}.Debug|x64.Build.0 = Debug|x64
		{8FAC8A85-8F8F-4386-B957-EF182BFE8157}.Debug|x86.ActiveCfg = Debug|Win32
		{8FAC8A85-8F8F-4386-B957-EF182BFE8157}.Debug|x86.Build.0 = Debug|Win32
		{8FAC8A85-8F8F-4386-B957-EF182BFE8157}.Release|x64.ActiveCfg = Release|x64
		{8FAC8A85-8F8F-4386-B957-EF182BFE8157}.Release|x64.Build.0 = Release|x64
		{8FAC8A85-8F8F-4386-B957-EF182BFE8157}.Release|x86.ActiveCfg = Release|Win32
		{8FAC8A85-8F8F-4386-B957-EF182BFE8157}.Release|x86.Build.0 = Release|Win32
		{A69408A2-25B2-4EE5-931F-8885E5CA1F17}.Debug|x64.ActiveCfg = Debug|x64
		{A69408A2-25B2-4EE5-931F-8885E5CA1F17}.Debug|x64.Build.0 = Debug|x64
		{A69408A2-25B2-4EE5-931F-8885E5CA1F17}.Debug|x86.ActiveCfg = Debug|Win32
		{A69408A2-25B2-4EE5-931F-8885E5CA1F17}.Debug|x86.Build.0 = Debug|Win32
		{A69408A2-25B2-4EE5-931F-8885E5CA1F17}.Release|x64.ActiveCfg = Release|x64
		{A69408A2-25B2-4EE5-931F-8885E5CA1F17}.Release|x64.Build.0 = Release|x64
		{A69408A2-25B2-4EE5-931F-8885E5CA1F17}.Release|x86.ActiveCfg = Release|Win32
		{A69408A2-25B2-4EE5-931F-8885E5CA1F17}.Release|x86.Build.0 = Release|Win32
		{CD969450-E666-4AB1-A8C0-F13E77B16897}.Debug|x64.ActiveCfg = Debug|x64
		{CD969450-E666-4AB1-A8C0-F13E77B16897}.Debug|x64.Build.0 = Debug|x64
		{CD969450-E666-4AB1-A8C0-F13E77B16897}.Debug|x86.ActiveCfg = Debug|Win32
		{CD969450-E666-4AB1-A8C0-F13E77B16897}.Debug|x86.Build.0 = Debug|Win32
		{CD969450-E666-4AB1-A8C0-F13E77B16897}.Release|x64.ActiveCfg = Release|x64
		{CD969450-E666-4AB1-A8C0-F13E77B16897}.Release|x64.Build.0 = Release|x64
		{CD969450-E666-4AB1-A8C0-F13E77B16897}.Release|x86.ActiveCfg = Release|Win32
		{CD969450-E666-4AB1-A8C0-F13E77B16897}.Release|x86.Build.0 = Release|Win32
		{C0CF4C4F-A6A3-4F1B-8749-608A30511F56}.Debug|x64.ActiveCfg = Debug|x64
		{C0CF4C4F-A6A3-4F1B-8749-608A30511F56}.Debug|x64.Build.0 = Debug|x64
		{C0CF4C4F-A6A3-4F1B-8749-608A30511F56}.Debug|x86.ActiveCfg = Debug|Win32
		{C0CF4C4F-A6A3-4F1B-8749-608A30511F56}.Debug|x86.Build.0 = Debug|Win32
		{C0CF4C4F-A6A3-4F1B-8749-608A30511F56}.Release|x64.ActiveCfg = Release|x64
		{C0CF4C4F-A6A3-4F1B-8749-608A30511F56}.Release|x64.Build.0 = Release|x64
		{C0CF4C4F-A6A3-4F1B-8749-608A30511F56}.Release|x86.ActiveCfg = Release|Win32
		{C0CF4C4F-A6A3-4F1B-8749-608A30511F56}.Release|x86.Build.0 = Release|Win32
		{96FBC1FD-EC25-45BF-8540-1AB8AEA6C6D3}.Debug|x64.ActiveCfg = Debug|x64
		{96FBC1FD-EC25-45BF-8540-1AB8AEA6C6D3}.Debug|x64.Build.0 = Debug|x64
		{96FBC1FD-EC25-45BF-8540-1AB8AEA6C6D3}.Debug|x86.ActiveCfg = Debug|Win32
		{96FBC1FD-EC25-45BF-8540-1AB8AEA6C6D3}.Debug|x86.Build.0 = Debug|Win32
		{96FBC1FD-EC25-45BF-8540-1AB8AEA6C6D3}.Release|x64.ActiveCfg = Release|x64
		{96FBC1FD-EC25-45BF-8540-1AB8AEA6C6D3}.Release|x64.Build.0 = Release|x64
		{96FBC1FD-EC25-45BF-8540-1AB8AEA6C6D3}.Release|x86.ActiveCfg = Release|Win32
		{96FBC1FD-EC25-45BF-8540-1AB8AEA6C6D3}.Release|x86.Build.0 = Release|Win32
		{26322303-F234-438F-A44D-2E3DA124EC49}.Debug|x64.ActiveCfg = Debug|x64
		{26322303-F234-438F-A44D-2E3DA124EC49}.Debug|x64.Build.0 = Debug|x64
		{26322303-F234-438F-A44D-2E3DA124EC49}.Debug|x86.ActiveCfg = Debug|Win32
		{26322303-F234-438F-A44D-2E3DA124EC49}.Debug|x86.Build.0 = Debug|Win32
		{26322303-F234-438F-A44D-2E3DA124EC49}.Release|x64.ActiveCfg = Release|x64
		{26322303-F234-438F-A44D-2E3DA124EC49}.Release|x64.Build.0 = Release|x64
		{26322303-F234-438F-A44D-2E3DA124EC49}.Release|x86.ActiveCfg = Release|Win32
		{26322303-F234-438F-A44D-2E3DA124EC49}.Release|x86.Build.0 = Release|Win32
		{ECC42FD2-B00D-42E4-AC0A-52D8D3573061}.Debug|x64.ActiveCfg = Debug|x64
		{ECC42FD2-B00D-42E4-AC0A-52D8D3573061}.Debug|x64.Build.0 = Debug|x64
		{ECC42FD2-B00D-42E4-AC0A-52D8D3573061}.Debug|x86.ActiveCfg = Debug|Win32
		{ECC42FD2-B00D-42E4-AC0A-52D8D3573061}.Debug|x86.Build.0 = Debug|Win32
		{ECC42FD2-B00D-42E4-AC0A-52D8D3573061}.Release|x64.ActiveCfg = Release|x64
		{ECC42FD2-B00D-42E4-AC0A-52D8D3573061}.Release|x64.Build.0 = Release|x64
		{ECC42FD2-B00D-42E4-AC0A-52D8D3573061}.Release|x86.ActiveCfg = Release|Win32
		{ECC42FD2-B00D-42E4-AC0A-52D8D3573061}.Release|x86.Build.0 = Release|Win32
		{72DB497B-F6E8-4018-A513-186E75C918DE}.Debug|x64.ActiveCfg = Debug|x64
		{72DB497B-F6E8-4018-A513-186E75C918DE}.Debug|x64.Build.0 = Debug|x64
		{72DB497B-F6E8-4018-A513-186E75C918DE}.Debug|x86.ActiveCfg = Debug|Win32
		{72DB497B-F6E8-4018-A513-186E75C918DE}.Debug|x86.Build.0 = Debug|Win32
		{72DB497B-F6E8-4018-A513-186E75C918DE}.Release|x64.ActiveCfg = Release|x64
		{72DB497B-F6E8-4018-A513-186E75C918DE}.Release|x64.Build.0 = Release|x64
		{72DB497B-F6E8-4018-A513-186E75C918DE}.Release|x86.ActiveCfg = Release|Win32
		{72DB497B-F6E8-4018-A513-186E75C918DE}.Release|x86.Build.0 = Release|Win32
		{D2B80BE4-BE74-429C-9A54-7A5A8BBACBC1}.Debug|x64.ActiveCfg = Debug|x64
		{D2B80BE4-BE74-429C-9A54-7A5A8BBACBC1}.Debug|x64.Build.0 = Debug|x64
		{D2B80BE4-BE74-429C-9A54-7A5A8BBACBC1}.Debug|x86.ActiveCfg = Debug|Win32
		{D2B80BE4-BE74-429C-9A54-7A5A8BBACBC1}.Debug|x86.Build.0 = Debug|Win32
		{D2B80BE4-BE74-429C-9A54-7A5A8BBACBC1}.Release|x64.ActiveCfg = Release|x64
		{D2B80BE4-BE74-429C-9A54-7A5A8BBACBC1}.Release|x64.Build.0 = Release|x64
		{D2B80BE4-BE74-429C-9A54-7A5A8BBACBC1}.Release|x86.ActiveCfg = Release|Win32
		{D2B80BE4-BE74-429C-9A54-7A5A8BBACBC1}.Release|x86.Build.0 = Release|Win32
		{A05FFD7F-56CB-4E3D-B5D9-3909FE7FB358}.Debug|x64.ActiveCfg = Debug|x64
		{A05FFD7F-56CB-4E3D-B5D9-3909FE7FB358}.Debug|x64.Build.0 = Debug|x64
		{A05FFD7F-56CB-4E3D-B5D9-3909FE7FB358}.Debug|x86.ActiveCfg = Debug|Win32
		{A05FFD7F-56CB-4E3D-B5D9-3909FE7FB358}.Debug|x86.Build.0 = Debug|Win32
		{A05FFD7F-56CB-4E3D-B5D9-3909FE7FB358}.Release|x64.ActiveCfg = Release|x64
		{A05FFD7F-56CB-4E3D-B5D9-3909FE7FB358}.Release|x64.Build.0 = Release|x64
		{A05FFD7F-56CB-4E3D-B5D9-3909FE7FB358}.Release|x86.ActiveCfg = Release|Win32
		{A05FFD7F-56CB-4E3D-B5D9-3909FE7FB358}.Release|x86.Build.0 = Release|Win32
		{83FF2F9F-038B-4006-902F-F7AC4F73D591}.Debug|x64.ActiveCfg = Debug|x64
		{83FF2F9F-038B-4006-902F-F7AC4F73D591}.Debug|x64.Build.0 = Debug|x64
		{83FF2F9F-038B-4006-902F-F7AC4F73D591}.Debug|x86.ActiveCfg = Debug|Win32
		{83FF2F9F-038B-4006-902F-F7AC4F73D591}.Debug|x86.Build.0 = Debug|Win32
		{83FF2F9F-038B-4006-902F-F7AC4F73D591}.Release|x64.ActiveCfg = Release|x64
		{83FF2F9F-038B-4006-902F-F7AC4F73D591}.Release|x64.Build.0 = Release|x64
		{83FF2F9F-038B-4006-902F-F7AC4F73D591}.Release|x86.ActiveCfg = Release|Win32
		{83FF2F9F-038B-4006-902F-F7AC4F73D591}.Release|x86.Build.0 = Release|Win32
		{467A4BAC-3297-4A41-9335-2895CEEFFA26}.Debug|x64.ActiveCfg = Debug|x64
		{467A4BAC-3297-4A41-9335-2895CEEFFA26}.Debug|x64.Build.0 = Debug|x64
		{467A4BAC-3297-4A41-9335-2895CEEFFA26}.Debug|x86.ActiveCfg = Debug|Win32
		{467A4BAC-3297-4A41-9335-2895CEEFFA26}.Debug|x86.Build.0 = Debug|Win32
		{467A4BAC-3297-4A41-9335-2895CEEFFA26}.Release|x64.ActiveCfg = Release|x64
		{467A4BAC-3297-4A41-9335-2895CEEFFA26}.Release|x64.Build.0 = Release|x64
		{467A4BAC-3297-4A41-9335-2895CEEFFA26}.Release|x86.ActiveCfg = Release|Win32
		{467A4BAC-3297-4A41-9335-2895CEEFFA26}.Release|x86.Build.0 = Release|Win32
		{DAAEBF4E-A473-4E6A-AE1B-DC16368DB444}.Debug|x64.ActiveCfg = Debug|x64
		{DAAEBF4E-A473-4E6A-AE1B-DC16368DB444}.Debug|x64.Build.0 = Debug|x64
		{DAAEBF4E-A473-4E6A-AE1B-DC16368DB444}.Debug|x86.ActiveCfg = Debug|Win32
		{DAAEBF4E-A473-4E6A-AE1B-DC16368DB444}.Debug|x86.Build.0 = Debug|Win32
		{DAAEBF4E-A473-4E6A-AE1B-DC16368DB444}.Release|x64.ActiveCfg = Release|x64
		{DAAEBF4E-A473-4E6A-AE1B-DC16368DB444}.Release|x64.Build.0 = Release|x64
		{DAAEBF4E-A473-4E6A-AE1B-DC16368DB444}.Release|x86.ActiveCfg = Release|Win32
		{DAAEBF4E-A473-4E6A-AE1B-DC16368DB444}.Release|x86.Build.0 = Release|Win32
		{5AFA80F8-5F00-4FEB-B832-B847D062FDCC}.Debug|x64.ActiveCfg = Debug|x64
		{5AFA80F8-5F00-4FEB-B832-B847D062FDCC}.Debug|x64.Build.0 = Debug|x64
		{5AFA80F8-5F00-4FEB-B832-B847D062FDCC}.Debug|x86.ActiveCfg = Debug|Win32
		{5AFA80F8-5F00-4FEB-B832-B847D062FDCC}.Debug|x86.Build.0 = Debug|Win32
		{5AFA80F8-5F00-4FEB-B832-B847D062FDCC}.Release|x64.ActiveCfg = Release|x64
		{5AFA80F8-5F00-4FEB-B832-B847D062FDCC}.Release|x64.Build.0 = Release|x64
		{5AFA80F8-5F00-4FEB-B832-B847D062FDCC}.Release|x86.ActiveCfg = Release|Win32
		{5AFA80F8-5F00-4FEB-B832-B847D062FDCC}.Release|x86.Build.0 = Release|Win32
		{C9F716BE-FD0E-4249-8224-476C7677A5C6}.Debug|x64.ActiveCfg = Debug|x64
		{C9F716BE-FD0E-4249-8224-476C7677A5C6}.Debug|x64.Build.0 = Debug|x64
		{C9F716BE-FD0E-4249-8224-476C7677A5C6}.Debug|x86.ActiveCfg = Debug|Win32
		{C9F716BE-FD0E-4249-8224-476C7677A5C6}.Debug|x86.Build.0 = Debug|Win32
		{C9F716BE-FD0E-4249-8224-476C7677A5C6}.Release|x64.ActiveCfg = Release|x64
		{C9F716BE-FD0E-4249-8224-476C7677A5C6}.Release|x64.Build.0 = Release|x64
		{C9F716BE-FD0E-4249-8224-476C7677A5C6}.Release|x86.ActiveCfg = Release|Win32
		{C9F716BE-FD0E-4249-8224-476C7677A5C6}.Release|x86.Build.0 = Release|Win32
		{D902D18E-74BE-4C3F-BB61-081FE50D0B1A}.Debug|x64.ActiveCfg = Debug|x64
		{D902D18E-74BE-4C3F-BB61-081FE50D0B1A}.Debug|x64.Build.0 = Debug|x64
		{D902D18E-74BE-4C3F-BB61-081FE50D0B1A}.Debug|x86.ActiveCfg = Debug|Win32
		{D902D18E-74BE-4C3F-BB61-081FE50D0B1A}.Debug|x86.Build.0 = Debug|Win32
		{D902D18E-74BE-4C3F-BB61-081FE50D0B1A}.Release|x64.ActiveCfg = Release|x64
		{D902D18E-74BE-4C3F-BB61-081FE50D0B1A}.Release|x64.Build.0 = Release|x64
		{D902D18E-74BE-4C3F-BB61-081FE50D0B1A}.Release|x86.ActiveCfg = Release|Win32
		{D902D18E-74BE-4C3F-BB61-081FE50D0B1A}.Release|x86.Build.0 = Release|Win32
		{45D22813-3010-4885-A2D6-D89D628CFFFC}.Debug|x64.ActiveCfg = Debug|x64
		{45D22813-3010-4885-A2D6-D89D628CFFFC}.Debug|x64.Build.0 = Debug|x64
		{45D22813-3010-4885-A2D6-D89D628CFFFC}.Debug|x86.ActiveCfg = Debug|Win32
		{45D22813-3010-4885-A2D6-D89D628CFFFC}.Debug|x86.Build.0 = Debug|Win32
		{45D22813-3010-4885-A2D6-D89D628CFFFC}.Release|x64.ActiveCfg = Release|x64
		{45D22813-3010-4885-A2D6-D89D628CFFFC}.Release|x64.Build.0 = Release|x64
		{45D22813-3010-4885-A2D6-D89D628CFFFC}.Release|x86.ActiveCfg = Release|Win32
		{45D22813-3010-4885-A2D6-D89D628CFFFC}.Release|x86.Build.0 = Release|Win32
		{94E654BF-A65E-4F45-8E18-DFDCF2FE48E8}.Debug|x64.ActiveCfg = Debug|x64
		{94E654BF-A65E-4F45-8E18-DFDCF2FE48E8}.Debug|x64.Build.0 = Debug|x64
		{94E654BF-A65E-4F45-8E18-DFDCF2FE48E8}.Debug|x86.ActiveCfg = Debug|Win32
		{94E654BF-A65E-4F45-8E18-DFDCF2FE48E8}.Debug|x86.Build.0 = Debug|Win32
		{94E654BF-A65E-4F45-8E18-DFDCF2FE48E8}.Release|x64.ActiveCfg = Release|x64
		{94E654BF-A65E-4F45-8E18-DFDCF2FE48E8}.Release|x64.Build.0 = Release|x64
		{94E654BF-A65E-4F45-8E18-DFDCF2FE48E8}.Release|x86.ActiveCfg = Release|Win32
		{94E654BF-A65E-4F45-8E18-DFDCF2FE48E8}.Release|x86.Build.0 = Release|Win32
		{6810F849-C3AB-4813-B40B-CC2E02EEC461}.Debug|x64.ActiveCfg = Debug|x64
		{6810F849-C3AB-4813-B40B-CC2E02EEC461}.Debug|x64.Build.0 = Debug|x64
		{6810F849-C3AB-4813-B40B-CC2E02EEC461}.Debug|x86.ActiveCfg = Debug|Win32
		{6810F849-C3AB-4813-B40B-CC2E02EEC461}.Debug|x86.Build.0 = Debug|Win32
		{6810F849-C3AB-4813-B40B-CC2E02EEC461}.Release|x64.ActiveCfg = Release|x64
		{6810F849-C3AB-4813-B40B-CC2E02EEC461}.Release|x64.Build.0 = Release|x64
		{6810F849-C3AB-4813-B40B-CC2E02EEC461}.Release|x86.ActiveCfg = Release|Win32
		{6810F849-C3AB-4813-B40B-CC2E02EEC461}.Release|x86.Build.0 = Release|Win32
		{FEBB2D2B-CAAE-4A4A-B8A4-519242701C01}.Debug|x64.ActiveCfg = Debug|x64
		{FEBB2D2B-CAAE-4A4A-B8A4-519242701C01}.Debug|x64.Build.0 = Debug|x64
		{FEBB2D2B-CAAE-4A4A-B8A4-519242701C01}.Debug|x86.ActiveCfg = Debug|Win32
		{FEBB2D2B-CAAE-4A4A-B8A4-519242701C01}.Debug|x86.Build.0 = Debug|Win32
		{FEBB2D2B-CAAE-4A4A-B8A4-519242701C01}.Release|x64.ActiveCfg = Release|x64
		{FEBB2D2B-CAAE-4A4A-B8A4-519242701C01}.Release|x64.Build.0 = Release|x64
		{FEBB2D2B-CAAE-4A4A-B8A4-519242701C01}.Release|x86.ActiveCfg = Release|Win32
		{FEBB2D2B-CAAE-4A4A-B8A4-519242701C01}.Release|x86.Build.0 = Release|Win32
		{69905F73-EA88-4338-9A30-F1F6C007363E}.Debug|x64.ActiveCfg = Debug|x64
		{69905F73-EA88-4338-9A30-F1F6C007363E}.Debug|x64.Build.0 = Debug|x64
		{69905F73-EA88-4338-9A30-F1F6C007363E}.Debug|x86.ActiveCfg = Debug|Win32
		{69905F73-EA88-4338-9A30-F1F6C007363E}.Debug|x86.Build.0 = Debug|Win32
		{69905F73-EA88-4338-9A30-F1F6C007363E}.Release|x64.ActiveCfg = Release|x64
		{69905F73-EA88-4338-9A30-F1F6C007363E}.Release|x64.Build.0 = Release|x64
		{69905F73-EA88-4338-9A30-F1F6C007363E}.Release|x86.ActiveCfg = Release|Win32
		{69905F73-EA88-4338-9A30-F1F6C007363E}.Release|x86.Build.0 = Release|Win32
		{5374014A-9241-402D-82BB-27B87C5B12BC}.Debug|x64.ActiveCfg = Debug|x64
		{5374014A-9241-402D-82BB-27B87C5B12BC}.Debug|x64.Build.0 = Debug|x64
		{5374014A-9241-402D-82BB-27B87C5B12BC}.Debug|x86.ActiveCfg = Debug|Win32
		{5374014A-9241-402D-82BB-27B87C5B12BC}.Debug|x86.Build.0 = Debug|Win32
		{5374014A-9241-402D-82BB-27B87C5B12BC}.Release|x64.ActiveCfg = Release|x64
		{5374014A-9241-402D-82BB-27B87C5B12BC}.Release|x64.Build.0 = Release|x64
		{5374014A-9241-402D-82BB-27B87C5B12BC}.Release|x86.ActiveCfg = Release|Win32
		{5374014A-9241-402D-82BB-27B87C5B12BC}.Release|x86.Build.0 = Release|Win32
		{DE77AC5E-E862-4E31-AA43-05F27F4CF616}.Debug|x64.ActiveCfg = Debug|x64
		{DE77AC5E-E862-4E31-AA43-05F27F4CF616}.Debug|x64.Build.0 = Debug|x64
		{DE77AC5E-E862-4E31-AA43-05F27F4CF616}.Debug|x86.ActiveCfg = Debug|Win32
		{DE77AC5E-E862-4E31-AA43-05F27F4CF616}.Debug|x86.Build.0 = Debug|Win32
		{DE77AC5E-E862-4E31-AA43-05F27F4CF616}.Release|x64.ActiveCfg = Release|x64
		{DE77AC5E-E862-4E31-AA43-05F27F4CF616}.Release|x64.Build.0 = Release|x64
		{DE77AC5E-E862-4E31-AA43-05F27F4CF616}.Release|x86.ActiveCfg = Release|Win32
		{DE77AC5E-E862-4E31-AA43-05F27F4CF616}.Release|x86.Build.0 = Release|Win32
		{60771910-6657-4E6A-9D91-067175B4A5E4}.Debug|x64.ActiveCfg = Debug|x64
		{60771910-6657-4E6A-9D91-067175B4A5E4}.Debug|x64.Build.0 = Debug|x64
		{60771910-6657-4E6A-9D91-067175B4A5E4}.Debug|x86.ActiveCfg = Debug|Win32
		{60771910-6657-4E6A-9D91-067175B4A5E4}.Debug|x86.Build.0 = Debug|Win32
		{60771910-6657-4E6A-9D91-067175B4A5E4}.Release|x64.ActiveCfg = Release|x64
		{60771910-6657-4E6A-9D91-067175B4A5E4}.Release|x64.Build.0 = Release|x64
		{60771910-6657-4E6A-9D91-067175B4A5E4}.Release|x86.ActiveCfg = Release|Win32
		{60771910-6657-4E6A-9D91-067175B4A5E4}.Release|x86.Build.0 = Release|Win32
		{1B3322E4-1DFA-4711-97B7-19950AADB72A}.Debug|x64.ActiveCfg = Debug|x64
		{1B3322E4-1DFA-4711-97B7-19950AADB72A}.Debug|x64.Build.0 = Debug|x64
		{1B3322E4-1DFA-4711-97B7-19950AADB72A}.Debug|x86.ActiveCfg = Debug|Win32
		{1B3322E4-1DFA-4711-97B7-19950AADB72A}.Debug|x86.Build.0 = Debug|Win32
		{1B3322E4-1DFA-4711-97B7-19950AADB72A}.Release|x64.ActiveCfg = Release|x64
		{1B3322E4-1DFA-4711-97B7-19950AADB72A}.Release|x64.Build.0 = Release|x64
		{1B3322E4-1DFA-4711-97B7-19950AADB72A}.Release|x86.ActiveCfg = Release|Win32
		{1B3322E4-1DFA-4711-97B7-19950AADB72A}.Release|x86.Build.0 = Release|Win32
		{CC025C94-34DF-49C4-AC35-E3FF9FACB78D}.Debug|x64.ActiveCfg = Debug|x64
		{CC025C94-34DF-49C4-AC35-E3FF9FACB78D}.Debug|x64.Build.0 = Debug|x64
		{CC025C94-34DF-49C4-AC35-E3FF9FACB78D}.Debug|x86.ActiveCfg = Debug|Win32
		{CC025C94-34DF-49C4-AC35-E3FF9FACB78D}.Debug|x86.Build.0 = Debug|Win32
		{CC025C94-34DF-49C4-AC35-E3FF9FACB78D}.Release|x64.ActiveCfg = Release|x64
		{CC025C94-34DF-49C4-AC35-E3FF9FACB78D}.Release|x64.Build.0 = Release|x64
		{CC025C94-34DF-49C4-AC35-E3FF9FACB78D}.Release|x86.ActiveCfg = Release|Win32
		{CC025C94-34DF-49C4-AC35-E3FF9FACB78D}.Release|x86.Build.0 = Release|Win32
		{88E06348-419A-491F-B85D-E4B3E45FFF19}.Debug|x64.ActiveCfg = Debug|x64
		{88E06348-419A-491F-B85D-E4B3E45FFF19}.Debug|x64.Build.0 = Debug|x64
		{88E06348-419A-491F-B85D-E4B3E45FFF19}.Debug|x86.ActiveCfg = Debug|Win32
		{88E06348-419A-491F-B85D-E4B3E45FFF19}.Debug|x86.Build.0 = Debug|Win32
		{88E06348-419A-491F-B85D-E4B3E45FFF19}.Release|x64.ActiveCfg = Release|x64
		{88E06348-419A-491F-B85D-E4B3E45FFF19}.Release|x64.Build.0 = Release|x64
		{88E06348-419A-491F-B85D-E4B3E45FFF19}.Release|x86.ActiveCfg = Release|Win32
		{88E06348-419A-491F-B85D-E4B3E45FFF19}.Release|x86.Build.0 = Release|Win32
		{7D4CE77D-4CBB-4B94-8994-DC71B4F93CA0}.Debug|x64.ActiveCfg = Debug|x64
		{7D4CE77D-4CBB-4B94-8994-DC71B4F93CA0}.Debug|x64.Build.0 = Debug|x64
		{7D4CE77D-4CBB-4B94-8994-DC71B4F93CA0}.Debug|x86.ActiveCfg = Debug|Win32
		{7D4CE77D-4CBB-4B94-8994-DC71B4F93CA0}.Debug|x86.Build.0 = Debug|Win32
		{7D4CE77D-4CBB-4B94-8994-DC71B4F93CA0}.Release|x64.ActiveCfg = Release|x64
		{7D4CE77D-4CBB-4B94-8994-DC71B4F93CA0}.Release|x64.Build.0 = Release|x64
		{7D4CE77D-4CBB-4B94-8994-DC71B4F93CA0}.Release|x86.ActiveCfg = Release|Win32
		{7D4CE77D-4CBB-4B94-8994-DC71B4F93CA0}.Release|x86.Build.0 = Release|Win32
		{F701AA60-21E0-42AB-82CC-CE4ED8D3D0F9}.Debug|x64.ActiveCfg = Debug|x64
		{F701AA60-21E0-42AB-82CC-CE4ED8D3D0F9}.Debug|x64.Build.0 = Debug|x64
		{F701AA60-21E0-42AB-82CC-CE4ED8D3D0F9}.Debug|x86.ActiveCfg = Debug|Win32
		{F701AA60-21E0-42AB-82CC-CE4ED8D3D0F9}.Debug|x86.Build.0 = Debug|Win32
		{F701AA60-21E0-42AB-82CC-CE4ED8D3D0F9}.Release|x64.ActiveCfg = Release|x64
		{F701AA60-21E0-42AB-82CC-CE4ED8D3D0F9}.Release|x64.Build.0 = Release|x64
		{F701AA60-21E0-42AB-82CC-CE4ED8D3D0F9}.Release|x86.ActiveCfg = Release|Win32
		{F701AA60-21E0-42AB-82CC-CE4ED8D3D0F9}.Release|x86.Build.0 = Release|Win32
		{55C61D0D-CB8D-4D32-A1DB-22D2392DF06A}.Debug|x64.ActiveCfg = Debug|x64
		{55C61D0D-CB8D-4D32-A1DB-22D2392DF06A}.Debug|x64.Build.0 = Debug|x64
		{55C61D0D-CB8D-4D32-A1DB-22D2392DF06A}.Debug|x86.ActiveCfg = Debug|Win32
		{55C61D0D-CB8D-4D32-A1DB-22D2392DF06A}.Debug|x86.Build.0 = Debug|Win32
		{55C61D0D-CB8D-4D32-A1DB-22D2392DF06A}.Release|x64.ActiveCfg = Release|x64
		{55C61D0D-CB8D-4D32-A1DB-22D2392DF06A}.Release|x64.Build.0 = Release|x64
		{55C61D0D-CB8D-4D32-A1DB-22D2392DF06A}.Release|x86.ActiveCfg = Release|Win32
		{55C61D0D-CB8D-4D32-A1DB-22D2392DF06A}.Release|x86.Build.0 = Release|Win32
		{2572C524-5A0F-45B0-BD39-72C73C2F6D5A}.Debug|x64.ActiveCfg = Debug|x64
		{2572C524-5A0F-45B0-BD39-72C73C2F6D5A}.Debug|x64.Build.0 = Debug|x64
		{2572C524-5A0F-45B0-BD39-72C73C2F6D5A}.Debug|x86.ActiveCfg = Debug|Win32
		{2572C524-5A0F-45B0-BD39-72C73C2F6D5A}.Debug|x86.Build.0 = Debug|Win32
		{2572C524-5A0F-45B0-BD39-72C73C2F6D5A}.Release|x64.ActiveCfg = Release|x64
		{2572C524-5A0F-45B0-BD39-72C73C2F6D5A}.Release|x64.Build.0 = Release|x64
		{2572C524-5A0F-45B0-BD39-72C73C2F6D5A}.Release|x86.ActiveCfg = Release|Win32
		{2572C524-5A0F-45B0-BD39-72C73C2F6D5A}.Release|x86.Build.0 = Release|Win32
		{B712737A-3A9E-4596-924D-FB6FE87FDDAB}.Debug|x64.ActiveCfg = Debug|x64
		{B712737A-3A9E-4596-924D-FB6FE87FDDAB}.Debug|x64.Build.0 = Debug|x64
		{B712737A-3A9E-4596-924D-FB6FE87FDDAB}.Debug|x86.ActiveCfg = Debug|Win32
		{B712737A-3A9E-4596-924D-FB6FE87FDDAB}.Debug|x86.Build.0 = Debug|Win32
		{B712737A-3A9E-4596-924D-FB6FE87FDDAB}.Release|x64.ActiveCfg = Release|x64
		{B712737A-3A9E-4596-924D-FB6FE87FDDAB}.Release|x64.Build.0 = Release|x64
		{B712737A-3A9E-4596-924D-FB6FE87FDDAB}.Release|x86.ActiveCfg = Release|Win32
		{B712737A-3A9E-4596-924D-FB6FE87FDDAB}.Release|x86.Build.0 = Release|Win32
		{A3F2FFA7-F4A6-47A3-BA21-3C6A650A68E6}.Debug|x64.ActiveCfg = Debug|x64
		{A3F2FFA7-F4A6-47A3-BA21-3C6A650A68E6}.Debug|x64.Build.0 = Debug|x64
		{A3F2FFA7-F4A6-47A3-BA21-3C6A650A68E6}.Debug|x86.ActiveCfg = Debug|Win32
		{A3F2FFA7-F4A6-47A3-BA21-3C6A650A68E6}.Debug|x86.Build.0 = Debug|Win32
		{A3F2FFA7-F4A6-47A3-BA21-3C6A650A68E6}.Release|x64.ActiveCfg = Release|x64
		{A3F2FFA7-F4A6-47A3-BA21-3C6A650A68E6}.Release|x64.Build.0 = Release|x64
		{A3F2FFA7-F4A6-47A3-BA21-3C6A650A68E6}.Release|x86.ActiveCfg = Release|Win32
		{A3F2FFA7-F4A6-47A3-BA21-3C6A650A68E6}.Release|x86.Build.0 = Release|Win32
		{565D42FF-A6C3-4E2D-A268-758D716C1570}.Debug|x64.ActiveCfg = Debug|x64
		{565D42FF-A6C3-4E2D-A268-758D716C1570}.Debug|x64.Build.0 = Debug|x64
		{565D42FF-A6C3-4E2D-A268-758D716C1570}.Debug|x86.ActiveCfg = Debug|Win32
		{565D42FF-A6C3-4E2D-A268-758D716C1570}.Debug|x86.Build.0 = Debug|Win32
		{565D42FF-A6C3-4E2D-A268-758D716C1570}.Release|x64.ActiveCfg = Release|x64
		{565D42FF-A6C3-4E2D-A268-758D716C1570}.Release|x64.Build.0 = Release|x64
		{565D42FF-A6C3-4E2D-A268-758D716C1570}.Release|x86.ActiveCfg = Release|Win32
		{565D42FF-A6C3-4E2D-A268-758D716C1570}.Release|x86.Build.0 = Release|Win32
		{BC3F8EC4-CEEA-4085-B110-20CC86BB0479}.Debug|x64.ActiveCfg = Debug|x64
		{BC3F8EC4-CEEA-4085-B110-20CC86BB0479}.Debug|x64.Build.0 = Debug|x64
		{BC3F8EC4-CEEA-4085-B110-20CC86BB0479}.Debug|x86.ActiveCfg = Debug|Win32
		{BC3F8EC4-CEEA-4085-B110-20CC86BB0479}.Debug|x86.Build.0 = Debug|Win32
		{BC3F8EC4-CEEA-4085-B110-20CC86BB0479}.Release|x64.ActiveCfg = Release|x64
		{BC3F8EC4-CEEA-4085-B110-20CC86BB0479}.Release|x64.Build.0 = Release|x64
		{BC3F8EC4-CEEA-4085-B110-20CC86BB0479}.Release|x86.ActiveCfg = Release|Win32
		{BC3F8EC4-CEEA-4085-B110-20CC86BB0479}.Release|x86.Build.0 = Release|Win32
		{FC8D29E6-F94C-4F61-8507-075A39B6B53D}.Debug|x64.ActiveCfg = Debug|x64
		{FC8D29E6-F94C-4F61-8507-075A39B6B53D}.Debug|x64.Build.0 = Debug|x64
		{FC8D29E6-F94C-4F61-8507-075A39B6B53D}.Debug|x86.ActiveCfg = Debug|Win32
		{FC8D29E6-F94C-4F61-8507-075A39B6B53D}.Debug|x86.Build.0 = Debug|Win32
		{FC8D29E6-F94C-4F61-8507-075A39B6B53D}.Release|x64.ActiveCfg = Release|x64
		{FC8D29E6-F94C-4F61-8507-075A39B6B53D}.Release|x64.Build.0 = Release|x64
		{FC8D29E6-F94C-4F61-8507-075A39B6B53D}.Release|x86.ActiveCfg = Release|Win32
		{FC8D29E6-F94C-4F61-8507-075A39B6B53D}.Release|x86.Build.0 = Release|Win32
		{83E1C0F3-EC2D-47A5-9618-4337614E4EF1}.Debug|x64.ActiveCfg = Debug|x64
		{83E1C0F3-EC2D-47A5-9618-4337614E4EF1}.Debug|x64.Build.0 = Debug|x64
		{83E1C0F3-EC2D-47A5-9618-4337614E4EF1}.Debug|x86.ActiveCfg = Debug|Win32
		{83E1C0F3-EC2D-47A5-9618-4337614E4EF1}.Debug|x86.Build.0 = Debug|Win32
		{83E1C0F3-EC2D-47A5-9618-4337614E4EF1}.Release|x64.ActiveCfg = Release|x64
		{83E1C0F3-EC2D-47A5-9618-4337614E4EF1}.Release|x64.Build.0 = Release|x64
		{83E1C0F3-EC2D-47A5-9618-4337614E4EF1}.Release|x86.ActiveCfg = Release|Win32
		{83E1C0F3-EC2D-47A5-9618-4337614E4EF1}.Release|x86.Build.0 = Release|Win32
		{1B188F67-16AF-4D99-9395-C6DC7C64B133}.Debug|x64.ActiveCfg = Debug|x64
		{1B188F67-16AF-4D99-9395-C6DC7C64B133}.Debug|x64.Build.0 = Debug|x64
		{1B188F67-16AF-4D99-9395-C6DC7C64B133}.Debug|x86.ActiveCfg = Debug|Win32
		{1B188F67-16AF-4D99-9395-C6DC7C64B133}.Debug|x86.Build.0 = Debug|Win32
		{1B188F67-16AF-4D99-9395-C6DC7C64B133}.Release|x64.ActiveCfg = Release|x64
		{1B188F67-16AF-4D99-9395-C6DC7C64B133}.Release|x64.Build.0 = Release|x64
		{1B188F67-16AF-4D99-9395-C6DC7C64B133}.Release|x86.ActiveCfg = Release|Win32
		{1B188F67-16AF-4D99-9395-C6DC7C64B133}.Release|x86.Build.0 = Release|Win32
		{4A5C2F69-3143-47BE-9191-9581B6850750}.Debug|x64.ActiveCfg = Debug|x64
		{4A5C2F69-3143-47BE-9191-9581B6850750}.Debug|x64.Build.0 = Debug|x64
		{4A5C2F69-3143-47BE-9191-9581B6850750}.Debug|x86.ActiveCfg = Debug|Win32
		{4A5C2F69-3143-47BE-9191-9581B6850750}.Debug|x86.Build.0 = Debug|Win32
		{4A5C2F69-3143-47BE-9191-9581B6850750}.Release|x64.ActiveCfg = Release|x64
		{4A5C2F69-3143-47BE-9191-9581B6850750}.Release|x64.Build.0 = Release|x64
		{4A5C2F69-3143-47BE-9191-9581B6850750}.Release|x86.ActiveCfg = Release|Win32
		{4A5C2F69-3143-47BE-9191-9581B6850750}.Release|x86.Build.0 = Release|Win32
		{8104EE23-24F9-4DA8-8E8D-ADA32A64F3F8}.Debug|x64.ActiveCfg = Debug|x64
		{8104EE23-24F9-4DA8-8E8D-ADA32A64F3F8}.Debug|x64.Build.0 = Debug|x64
		{8104EE23-24F9-4DA8-8E8D-ADA32A64F3F8}.Debug|x86.ActiveCfg = Debug|Win32
		{8104EE23-24F9-4DA8-8E8D-ADA32A64F3F8}.Debug|x86.Build.0 = Debug|Win32
		{8104EE23-24F9-4DA8-8E8D-ADA32A64F3F8}.Release|x64.ActiveCfg = Release|x64
		{8104EE23-24F9-4DA8-8E8D-ADA32A64F3F8}.Release|x64.Build.0 = Release|x64
		{8104EE23-24F9-4DA8-8E8D-ADA32A64F3F8}.Release|x86.ActiveCfg = Release|Win32
		{8104EE23-24F9-4DA8-8E8D-ADA32A64F3F8}.Release|x86.Build.0 = Release|Win32
		{AAC692D5-7B58-4BC8-AD98-4B676432B0B7}.Debug|x64.ActiveCfg = Debug|x64
		{AAC692D5-7B58-4BC8-AD98-4B676432B0B7}.Debug|x64.Build.0 = Debug|x64
		{AAC692D5-7B58-4BC8-AD98-4B676432B0B7}.Debug|x86.ActiveCfg = Debug|Win32
		{AAC692D5-7B58-4BC8-AD98-4B676432B0B7}.Debug|x86.Build.0 = Debug|Win32
		{AAC692D5-7B58-4BC8-AD98-4B676432B0B7}.Release|x64.ActiveCfg = Release|x64
		{AAC692D5-7B58-4BC8-AD98-4B676432B0B7}.Release|x64.Build.0 = Release|x64
		{AAC692D5-7B58-4BC8-AD98-4B676432B0B7}.Release|x86.ActiveCfg = Release|Win32
		{AAC692D5-7B58-4BC8-AD98-4B676432B0B7}.Release|x86.Build.0 = Release|Win32
		{A2DE9389-C522-4088-82E2-F1C24EDA04D5}.Debug|x64.ActiveCfg = Debug|x64
		{A2DE9389-C522-4088-82E2-F1C24EDA04D5}.Debug|x64.Build.0 = Debug|x64
		{A2DE9389-C522-4088-82E2-F1C24EDA04D5}.Debug|x86.ActiveCfg = Debug|Win32
		{A2DE9389-C522-4088-82E2-F1C24EDA04D5}.Debug|x86.Build.0 = Debug|Win32
		{A2DE9389-C522-4088-82E2-F1C24EDA04D5}.Release|x64.ActiveCfg = Release|x64
		{A2DE9389-C522-4088-82E2-F1C24EDA04D5}.Release|x64.Build.0 = Release|x64
		{A2DE9389-C522-4088-82E2-F1C24EDA04D5}.Release|x86.ActiveCfg = Release|Win32
		{A2DE9389-C522-4088-82E2-F1C24EDA04D5}.Release|x86.Build.0 = Release|Win32
		{DF6B8E34-10DB-414D-B5AA-D7159652B537}.Debug|x64.ActiveCfg = Debug|x64
		{DF6B8E34-10DB-414D-B5AA-D7159652B537}.Debug|x64.Build.0 = Debug|x64
		{DF6B8E34-10DB-414D-B5AA-D7159652B537}.Debug|x86.ActiveCfg = Debug|Win32
		{DF6B8E34-10DB-414D-B5AA-D7159652B537}.Debug|x86.Build.0 = Debug|Win32
		{DF6B8E34-10DB-414D-B5AA-D7159652B537}.Release|x64.ActiveCfg = Release|x64
		{DF6B8E34-10DB-414D-B5AA-D7159652B537}.Release|x64.Build.0 = Release|x64
		{DF6B8E34-10DB-414D-B5AA-D7159652B537}.Release|x86.ActiveCfg = Release|Win32
		{DF6B8E34-10DB-414D-B5AA-D7159652B537}.Release|x86.Build.0 = Release|Win32
		{FC95905B-032C-4344-8FAB-7BB5F04DB391}.Debug|x64.ActiveCfg = Debug|x64
		{FC95905B-032C-4344-8FAB-7BB5F04DB391}.Debug|x64.Build.0 = Debug|x64
		{FC95905B-032C-4344-8FAB-7BB5F04DB391}.Debug|x86.ActiveCfg = Debug|Win32
		{FC95905B-032C-4344-8FAB-7BB5F04DB391}.Debug|x86.Build.0 = Debug|Win32
		{FC95905B-032C-4344-8FAB-7BB5F04DB391}.Release|x64.ActiveCfg = Release|x64
		{FC95905B-032C-4344-8FAB-7BB5F04DB391}.Release|x64.Build.0 = Release|x64
		{FC95905B-032C-4344-8FAB-7BB5F04DB391}.Release|x86.ActiveCfg = Release|Win32
		{FC95905B-032C-4344-8FAB-7BB5F04DB391}.Release|x86.Build.0 = Release|Win32
		{50DA647A-2EDA-455A-A599-9E8D38C63CA1}.Debug|x64.ActiveCfg = Debug|x64
		{50DA647A-2EDA-455A-A599-9E8D38C63CA1}.Debug|x64.Build.0 = Debug|x64
		{50DA647A-2EDA-455A-A599-9E8D38C63CA1}.Debug|x86.ActiveCfg = Debug|Win32
		{50DA647A-2EDA-455A-A599-9E8D38C63CA1}.Debug|x86.Build.0 = Debug|Win32
		{50DA647A-2EDA-455A-A599-9E8D38C63CA1}.Release|x64.ActiveCfg = Release|x64
		{50DA647A-2EDA-455A-A599-9E8D38C63CA1}.Release|x64.Build.0 = Release|x64
		{50DA647A-2EDA-455A-A599-9E8D38C63CA1}.Release|x86.ActiveCfg = Release|Win32
		{50DA647A-2EDA-455A-A599-9E8D38C63CA1}.Release|x86.Build.0 = Release|Win32
		{7C01F9D2-C4FC-412C-AC29-4627FD41E034}.Debug|x64.ActiveCfg = Debug|x64
		{7C01F9D2-C4FC-412C-AC29-4627FD41E034}.Debug|x64.Build.0 = Debug|x64
		{7C01F9D2-C4FC-412C-AC29-4627FD41E034}.Debug|x86.ActiveCfg = Debug|Win32
		{7C01F9D2-C4FC-412C-AC29-4627FD41E034}.Debug|x86.Build.0 = Debug|Win32
		{7C01F9D2-C4FC-412C-AC29-4627FD41E034}.Release|x64.ActiveCfg = Release|x64
		{7C01F9D2-C4FC-412C-AC29-4627FD41E034}.Release|x64.Build.0 = Release|x64
		{7C01F9D2-C4FC-412C-AC29-4627FD41E034}.Release|x86.ActiveCfg = Release|Win32
		{7C01F9D2-C4FC-412C-AC29-4627FD41E034}.Release|x86.Build.0 = Release|Win32
		{587DE30C-831E-4086-A7C1-7FE11F4E1E75}.Debug|x64.ActiveCfg = Debug|x64
		{587DE30C-831E-4086-A7C1-7FE11F4E1E75}.Debug|x64.Build.0 = Debug|x64
		{587DE30C-831E-4086-A7C1-7FE11F4E1E75}.Debug|x86.ActiveCfg = Debug|Win32
		{587DE30C-831E-4086-A7C1-7FE11F4E1E75}.Debug|x86.Build.0 = Debug|Win32
		{587DE30C-831E-4086-A7C1-7FE11F4E1E75}.Release|x64.ActiveCfg = Release|x64
		{587DE30C-831E-4086-A7C1-7FE11F4E1E75}.Release|x64.Build.0 = Release|x64
		{587DE30C-831E-4086-A7C1-7FE11F4E1E75}.Release|x86.ActiveCfg = Release|Win32
		{587DE30C-831E-4086-A7C1-7FE11F4E1E75}.Release|x86.Build.0 = Release|Win32
		{510FFBC9-E522-40E4-B5FD-0CCFF0BFBFFE}.Debug|x64.ActiveCfg = Debug|x64
		{510FFBC9-E522-40E4-B5FD-0CCFF0BFBFFE}.Debug|x64.Build.0 = Debug|x64
		{510FFBC9-E522-40E4-B5FD-0CCFF0BFBFFE}.Debug|x86.ActiveCfg = Debug|Win32
		{510FFBC9-E522-40E4-B5FD-0CCFF0BFBFFE}.Debug|x86.Build.0 = Debug|Win32
		{510FFBC9-E522-40E4-B5FD-0CCFF0BFBFFE}.Release|x64.ActiveCfg = Release|x64
		{510FFBC9-E522-40E4-B5FD-0CCFF0BFBFFE}.Release|x64.Build.0 = Release|x64
		{510FFBC9-E522-40E4-B5FD-0CCFF0BFBFFE}.Release|x86.ActiveCfg = Release|Win32
		{510FFBC9-E522-40E4-B5FD-0CCFF0BFBFFE}.Release|x86.Build.0 = Release|Win32
		{042B58C7-2753-48D5-B27D-ED3554D9FB4E}.Debug|x64.ActiveCfg = Debug|x64
		{042B58C7-2753-48D5-B27D-ED3554D9FB4E}.Debug|x64.Build.0 = Debug|x64
		{042B58C7-2753-48D5-B27D-ED3554D9FB4E}.Debug|x86.ActiveCfg = Debug|Win32
		{042B58C7-2753-48D5-B27D-ED3554D9FB4E}.Debug|x86.Build.0 = Debug|Win32
		{042B58C7-2753-48D5-B27D-ED3554D9FB4E}.Release|x64.ActiveCfg = Release|x64
		{042B58C7-2753-48D5-B27D-ED3554D9FB4E}.Release|x64.Build.0 = Release|x64
		{042B58C7-2753-48D5-B27D-ED3554D9FB4E}.Release|x86.ActiveCfg = Release|Win32
		{042B58C7-2753-48D5-B27D-ED3554D9FB4E}.Release|x86.Build.0 = Release|Win32
		{51FAE668-0036-4F86-A9B4-3100395096DA}.Debug|x64.ActiveCfg = Debug|x64
		{51FAE668-0036-4F86-A9B4-3100395096DA}.Debug|x64.Build.0 = Debug|x64
		{51FAE668-0036-4F86-A9B4-3100395096DA}.Debug|x86.ActiveCfg = Debug|Win32
		{51FAE668-0036-4F86-A9B4-3100395096DA}.Debug|x86.Build.0 = Debug|Win32
		{51FAE668-0036-4F86-A9B4-3100395096DA}.Release|x64.ActiveCfg = Release|x64
		{51FAE668-0036-4F86-A9B4-3100395096DA}.Release|x64.Build.0 = Release|x64
		{51FAE668-0036-4F86-A9B4-3100395096DA}.Release|x86.ActiveCfg = Release|Win32
		{51FAE668-0036-4F86-A9B4-3100395096DA}.Release|x86.Build.0 = Release|Win32
		{7E788C17-0A0A-465F-8D79-E9E1BE1657F2}.Debug|x64.ActiveCfg = Debug|x64
		{7E788C17-0A0A-465F-8D79-E9E1BE1657F2}.Debug|x64.Build.0 = Debug|x64
		{7E788C17-0A0A-465F-8D79-E9E1BE1657F2}.Debug|x86.ActiveCfg = Debug|Win32
		{7E788C17-0A0A-465F-8D79-E9E1BE1657F2}.Debug|x86.Build.0 = Debug|Win32
		{7E788C17-0A0A-465F-8D79-E9E1BE1657F2}.Release|x64.ActiveCfg = Release|x64
		{7E788C17-0A0A-465F-8D79-E9E1BE1657F2}.Release|x64.Build.0 = Release|x64
		{7E788C17-0A0A-465F-8D79-E9E1BE1657F2}.Release|x86.ActiveCfg = Release|Win32
		{7E788C17-0A0A-465F-8D79-E9E1BE1657F2}.Release|x86.Build.0 = Release|Win32
		{242C091F-AB55-4A68-801D-A1DF16EDEA1A}.Debug|x64.ActiveCfg = Debug|x64
		{242C091F-AB55-4A68-801D-A1DF16EDEA1A}.Debug|x64.Build.0 = Debug|x64
		{242C091F-AB55-4A68-801D-A1DF16EDEA1A}.Debug|x86.ActiveCfg = Debug|Win32
		{242C091F-AB55-4A68-801D-A1DF16EDEA1A}.Debug|x86.Build.0 = Debug|Win32
		{242C091F-AB55-4A68-801D-A1DF16EDEA1A}.Release|x64.ActiveCfg = Release|x64
		{242C091F-AB55-4A68-801D-A1DF16EDEA1A}.Release|x64.Build.0 = Release|x64
		{242C091F-AB55-4A68-801D-A1DF16EDEA1A}.Release|x86.ActiveCfg = Release|Win32
		{242C091F-AB55-4A68-801D-A1DF16EDEA1A}.Release|x86.Build.0 = Release|Win32
		{5AA6353A-C35A-4C3C-8D5A-E7F4A260BCC7}.Debug|x64.ActiveCfg = Debug|x64
		{5AA6353A-C35A-4C3C-8D5A-E7F4A260BCC7}.Debug|x64.Build.0 = Debug|x64
		{5AA6353A-C35A-4C3C-8D5A-E7F4A260BCC7}.Debug|x86.ActiveCfg = Debug|Win32
		{5AA6353A-C35A-4C3C-8D5A-E7F4A260BCC7}.Debug|x86.Build.0 = Debug|Win32
		{5AA6353A-C35A-4C3C-8D5A-E7F4A260BCC7}.Release|x64.ActiveCfg = Release|x64
		{5AA6353A-C35A-4C3C-8D5A-E7F4A260BCC7}.Release|x64.Build.0 = Release|x64
		{5AA6353A-C35A-4C3C-8D5A-E7F4A260BCC7}.Release|x86.ActiveCfg = Release|Win32
		{5AA6353A-C35A-4C3C-8D5A-E7F4A260BCC7}.Release|x86.Build.0 = Release|Win32
		{EBC98A7F-0BE5-41CC-BCBE-9FB268A1F019}.Debug|x64.ActiveCfg = Debug|x64
		{EBC98A7F-0BE5-41CC-BCBE-9FB268A1F019}.Debug|x64.Build.0 = Debug|x64
		{EBC98A7F-0BE5-41CC-BCBE-9FB268A1F019}.Debug|x86.ActiveCfg = Debug|Win32
		{EBC98A7F-0BE5-41CC-BCBE-9FB268A1F019}.Debug|x86.Build.0 = Debug|Win32
		{EBC98A7F-0BE5-41CC-BCBE-9FB268A1F019}.Release|x64.ActiveCfg = Release|x64
		{EBC98A7F-0BE5-41CC-BCBE-9FB268A1F019}.Release|x64.Build.0 = Release|x64
		{EBC98A7F-0BE5-41CC-BCBE-9FB268A1F019}.Release|x86.ActiveCfg = Release|Win32
		{EBC98A7F-0BE5-41CC-BCBE-9FB268A1F019}.Release|x86.Build.0 = Release|Win32
		{4BC4902D-5488-4357-B148-490FD11A09C6}.Debug|x64.ActiveCfg = Debug|x64
		{4BC4902D-5488-4357-B148-490FD11A09C6}.Debug|x64.Build.0 = Debug|x64
		{4BC4902D-5488-4357-B148-490FD11A09C6}.Debug|x86.ActiveCfg = Debug|Win32
		{4BC4902D-5488-4357-B148-490FD11A09C6}.Debug|x86.Build.0 = Debug|Win32
		{4BC4902D-5488-4357-B148-490FD11A09C6}.Release|x64.ActiveCfg = Release|x64
		{4BC4902D-5488-4357-B148-490FD11A09C6}.Release|x64.Build.0 = Release|x64
		{4BC4902D-5488-4357-B148-490FD11A09C6}.Release|x86.ActiveCfg = Release|Win32
		{4BC4902D-5488-4357-B148-490FD11A09C6}.Release|x86.Build.0 = Release|Win32
		{A6700142-4FBA-486C-88F5-FA808FB65AC8}.Debug|x64.ActiveCfg = Debug|x64
		{A6700142-4FBA-486C-88F5-FA808FB65AC8}.Debug|x64.Build.0 = Debug|x64
		{A6700142-4FBA-486C-88F5-FA808FB65AC8}.Debug|x86.ActiveCfg = Debug|Win32
		{A6700142-4FBA-486C-88F5-FA808FB65AC8}.Debug|x86.Build.0 = Debug|Win32
		{A6700142-4FBA-486C-88F5-FA808FB65AC8}.Release|x64.ActiveCfg = Release|x64
		{A6700142-4FBA-486C-88F5-FA808FB65AC8}.Release|x64.Build.0 = Release|x64
		{A6700142-4FBA-486C-88F5-FA808FB65AC8}.Release|x86.ActiveCfg = Release|Win32
		{A6700142-4FBA-486C-88F5-FA808FB65AC8}.Release|x86.Build.0 = Release|Win32
		{8F788E2C-C5BA-4F41-AC66-2ABC1FD2DA4F}.Debug|x64.ActiveCfg = Debug|x64
		{8F788E2C-C5BA-4F41-AC66-2ABC1FD2DA4F}.Debug|x64.Build.0 = Debug|x64
		{8F788E2C-C5BA-4F41-AC66-2ABC1FD2DA4F}.Debug|x86.ActiveCfg = Debug|Win32
		{8F788E2C-C5BA-4F41-AC66-2ABC1FD2DA4F}.Debug|x86.Build.0 = Debug|Win32
		{8F788E2C-C5BA-4F41-AC66-2ABC1FD2DA4F}.Release|x64.ActiveCfg = Release|x64
		{8F788E2C-C5BA-4F41-AC66-2ABC1FD2DA4F}.Release|x64.Build.0 = Release|x64
		{8F788E2C-C5BA-4F41-AC66-2ABC1FD2DA4F}.Release|x86.ActiveCfg = Release|Win32
		{8F788E2C-C5BA-4F41-AC66-2ABC1FD2DA4F}.Release|x86.Build.0 = Release|Win32
		{DDD141A2-966D-4C3A-9FEB-1E90B4A7CA42}.Debug|x64.ActiveCfg = Debug|x64
		{DDD141A2-966D-4C3A-9FEB-1E90B4A7CA42}.Debug|x64.Build.0 = Debug|x64
		{DDD141A2-966D-4C3A-9FEB-1E90B4A7CA42}.Debug|x86.ActiveCfg = Debug|Win32
		{DDD141A2-966D-4C3A-9FEB-1E90B4A7CA42}.Debug|x86.Build.0 = Debug|Win32
		{DDD141A2-966D-4C3A-9FEB-1E90B4A7CA42}.Release|x64.ActiveCfg = Release|x64
		{DDD141A2-966D-4C3A-9FEB-1E90B4A7CA42}.Release|x64.Build.0 = Release|x64
		{DDD141A2-966D-4C3A-9FEB-1E90B4A7CA42}.Release|x86.ActiveCfg = Release|Win32
		{DDD141A2-966D-4C3A-9FEB-1E90B4A7CA42}.Release|x86.Build.0 = Release|Win32
		{39A6A1A9-CAE1-4704-9C48-D17AB9A2442C}.Debug|x64.ActiveCfg = Debug|x64
		{39A6A1A9-CAE1-4704-9C48-D17AB9A2442C}.Debug|x64.Build.0 = Debug|x64
		{39A6A1A9-CAE1-4704-9C48-D17AB9A2442C}.Debug|x86.ActiveCfg = Debug|Win32
		{39A6A1A9-CAE1-4704-9C48-D17AB9A2442C}.Debug|x86.Build.0 = Debug|Win32
		{39A6A1A9-CAE1-4704-9C48-D17AB9A2442C}.Release|x64.ActiveCfg = Release|x64
		{39A6A1A9-CAE1-4704-9C48-D17AB9A2442C}.Release|x64.Build.0 = Release|x64
		{39A6A1A9-CAE1-4704-9C48-D17AB9A2442C}.Release|x86.ActiveCfg = Release|Win32
		{39A6A1A9-CAE1-4704-9C48-D17AB9A2442C}.Release|x86.Build.0 = Release|Win32
		{456CFD4D-055D-43FC-B9DF-5015D19ADD6A}.Debug|x64.ActiveCfg = Debug|x64
		{456CFD4D-055D-43FC-B9DF-5015D19ADD6A}.Debug|x64.Build.0 = Debug|x64
		{456CFD4D-055D-43FC-B9DF-5015D19ADD6A}.Debug|x86.ActiveCfg = Debug|Win32
		{456CFD4D-055D-43FC-B9DF-5015D19ADD6A}.Debug|x86.Build.0 = Debug|Win32
		{456CFD4D-055D-43FC-B9DF-5015D19ADD6A}.Release|x64.ActiveCfg = Release|x64
		{456CFD4D-055D-43FC-B9DF-5015D19ADD6A}.Release|x64.Build.0 = Release|x64
		{456CFD4D-055D-43FC-B9DF-5015D19ADD6A}.Release|x86.ActiveCfg = Release|Win32
		{456CFD4D-055D-43FC-B9DF-5015D19ADD6A}.Release|x86.Build.0 = Release|Win32
		{61C2B24D-1828-4F16-8D4C-860112162D5F}.Debug|x64.ActiveCfg = Debug|x64
		{61C2B24D-1828-4F16-8D4C-860112162D5F}.Debug|x64.Build.0 = Debug|x64
		{61C2B24D-1828-4F16-8D4C-860112162D5F}.Debug|x86.ActiveCfg = Debug|Win32
		{61C2B24D-1828-4F16-8D4C-860112162D5F}.Debug|x86.Build.0 = Debug|Win32
		{61C2B24D-1828-4F16-8D4C-860112162D5F}.Release|x64.ActiveCfg = Release|x64
		{61C2B24D-1828-4F16-8D4C-860112162D5F}.Release|x64.Build.0 = Release|x64
		{61C2B24D-1828-4F16-8D4C-860112162D5F}.Release|x86.ActiveCfg = Release|Win32
		{61C2B24D-1828-4F16-8D4C-860112162D5F}.Release|x86.Build.0 = Release|Win32
		{72FF202E-5829-4324-B0CA-F3E69062968E}.Debug|x64.ActiveCfg = Debug|x64
		{72FF202E-5829-4324-B0CA-F3E69062968E}.Debug|x64.Build.0 = Debug|x64
		{72FF202E-5829-4324-B0CA-F3E69062968E}.Debug|x86.ActiveCfg = Debug|Win32
		{72FF202E-5829-4324-B0CA-F3E69062968E}.Debug|x86.Build.0 = Debug|Win32
		{72FF202E-5829-4324-B0CA-F3E69062968E}.Release|x64.ActiveCfg = Release|x64
		{72FF202E-5829-4324-B0CA-F3E69062968E}.Release|x64.Build.0 = Release|x64
		{72FF202E-5829-4324-B0CA-F3E69062968E}.Release|x86.ActiveCfg = Release|Win32
		{72FF202E-5829-4324-B0CA-F3E69062968E}.Release|x86.Build.0 = Release|Win32
		{3DF39D58-B8BD-425E-A29A-AC37D07FDF4F}.Debug|x64.ActiveCfg = Debug|x64
		{3DF39D58-B8BD-425E-A29A-AC37D07FDF4F}.Debug|x64.Build.0 = Debug|x64
		{3DF39D58-B8BD-425E-A29A-AC37D07FDF4F}.Debug|x86.ActiveCfg = Debug|Win32
		{3DF39D58-B8BD-425E-A29A-AC37D07FDF4F}.Debug|x86.Build.0 = Debug|Win32
		{3DF39D58-B8BD-425E-A29A-AC37D07FDF4F}.Release|x64.ActiveCfg = Release|x64
		{3DF39D58-B8BD-425E-A29A-AC37D07FDF4F}.Release|x64.Build.0 = Release|x64
		{3DF39D58-B8BD-425E-A29A-AC37D07FDF4F}.Release|x86.ActiveCfg = Release|Win32
		{3DF39D58-B8BD-425E-A29A-AC37D07FDF4F}.Release|x86.Build.0 = Release|Win32
		{D0E30371-0509-49A7-977B-C0FAE2C424DE}.Debug|x64.ActiveCfg = Debug|x64
		{D0E30371-0509-49A7-977B-C0FAE2C424DE}.Debug|x64.Build.0 = Debug|x64
		{D0E30371-0509-49A7-977B-C0FAE2C424DE}.Debug|x86.ActiveCfg = Debug|Win32
		{D0E30371-0509-49A7-977B-C0FAE2C424DE}.Debug|x86.Build.0 = Debug|Win32
		{D0E30371-0509-49A7-977B-C0FAE2C424DE}.Release|x64.ActiveCfg = Release|x64
		{D0E30371-0509-49A7-977B-C0FAE2C424DE}.Release|x64.Build.0 = Release|x64
		{D0E30371-0509-49A7-977B-C0FAE2C424DE}.Release|x86.ActiveCfg = Release|Win32
		{D0E30371-0509-49A7-977B-C0FAE2C424DE}.Release|x86.Build.0 = Release|Win32
		{91B9241D-2EDA-4721-A78A-A5D11DFE0EEB}.Debug|x64.ActiveCfg = Debug|x64
		{91B9241D-2EDA-4721-A78A-A5D11DFE0EEB}.Debug|x64.Build.0 = Debug|x64
		{91B9241D-2EDA-4721-A78A-A5D11DFE0EEB}.Debug|x86.ActiveCfg = Debug|Win32
		{91B9241D-2EDA-4721-A78A-A5D11DFE0EEB}.Debug|x86.Build.0 = Debug|Win32
		{91B9241D-2EDA-4721-A78A-A5D11DFE0EEB}.Release|x64.ActiveCfg = Release|x64
		{91B9241D-2EDA-4721-A78A-A5D11DFE0EEB}.Release|x64.Build.0 = Release|x64
		{91B9241D-2EDA-4721-A78A-A5D11DFE0EEB}.Release|x86.ActiveCfg = Release|Win32
		{91B9241D-2EDA-4721-A78A-A5D11DFE0EEB}.Release|x86.Build.0 = Release|Win32
		{B61CEA46-492B-4B6F-8142-B8B1F48A0F23}.Debug|x64.ActiveCfg = Debug|x64
		{B61CEA46-492B-4B6F-8142-B8B1F48A0F23}.Debug|x64.Build.0 = Debug|x64
		{B61CEA46-492B-4B6F-8142-B8B1F48A0F23}.Debug|x86.ActiveCfg = Debug|Win32
		{B61CEA46-492B-4B6F-8142-B8B1F48A0F23}.Debug|x86.Build.0 = Debug|Win32
		{B61CEA46-492B-4B6F-8142-B8B1F48A0F23}.Release|x64.ActiveCfg = Release|x64
		{B61CEA46-492B-4B6F-8142-B8B1F48A0F23}.Release|x64.Build.0 = Release|x64
		{B61CEA46-492B-4B6F-8142-B8B1F48A0F23}.Release|x86.ActiveCfg = Release|Win32
		{B61CEA46-492B-4B6F-8142-B8B1F48A0F23}.Release|x86.Build.0 = Release|Win32
		{5A502220-530C-4B92-B8B3-90692041EA66}.Debug|x64.ActiveCfg = Debug|x64
		{5A502220-530C-4B92-B8B3-90692041EA66}.Debug|x64.Build.0 = Debug|x64
		{5A502220-530C-4B92-B8B3-90692041EA66}.Debug|x86.ActiveCfg = Debug|Win32
		{5A502220-530C-4B92-B8B3-90692041EA66}.Debug|x86.Build.0 = Debug|Win32
		{5A502220-530C-4B92-B8B3-90692041EA66}.Release|x64.ActiveCfg = Release|x64
		{5A502220-530C-4B92-B8B3-90692041EA66}.Release|x64.Build.0 = Release|x64
		{5A502220-530C-4B92-B8B3-90692041EA66}.Release|x86.ActiveCfg = Release|Win32
		{5A502220-530C-4B92-B8B3-90692041EA66}.Release|x86.Build.0 = Release|Win32
		{10B713B6-7BEF-455D-9877-3A601EC910A8}.Debug|x64.ActiveCfg = Debug|x64
		{10B713B6-7BEF-455D-9877-3A601EC910A8}.Debug|x64.Build.0 = Debug|x64
		{10B713B6-7BEF-455D-9877-3A601EC910A8}.Debug|x86.ActiveCfg = Debug|Win32
		{10B713B6-7BEF-455D-9877-3A601EC910A8}.Debug|x86.Build.0 = Debug|Win32
		{10B713B6-7BEF-455D-9877-3A601EC910A8}.Release|x64.ActiveCfg = Release|x64
		{10B713B6-7BEF-455D-9877-3A601EC910A8}.Release|x64.Build.0 = Release|x64
		{10B713B6-7BEF-455D-9877-3A601EC910A8}.Release|x86.ActiveCfg = Release|Win32
		{10B713B6-7BEF-455D-9877-3A601EC910A8}.Release|x86.Build.0 = Release|Win32
		{722B4493-5276-4F72-A875-F3E1218FF60D}.Debug|x64.ActiveCfg = Debug|x64
		{722B4493-5276-4F72-A875-F3E1218FF60D}.Debug|x64.Build.0 = Debug|x64
		{722B4493-5276-4F72-A875-F3E1218FF60D}.Debug|x86.ActiveCfg = Debug|Win32
		{722B4493-5276-4F72-A875-F3E1218FF60D}.Debug|x86.Build.0 = Debug|Win32
		{722B4493-5276-4F72-A875-F3E1218FF60D}.Release|x64.ActiveCfg = Release|x64
		{722B4493-5276-4F72-A875-F3E1218FF60D}.Release|x64.Build.0 = Release|x64
		{722B4493-5276-4F72-A875-F3E1218FF60D}.Release|x86.ActiveCfg = Release|Win32
		{722B4493-5276-4F72-A875-F3E1218FF60D}.Release|x86.Build.0 = Release|Win32
		{CC183529-470F-4CB5-BA51-7BDF9EAEF96C}.Debug|x64.ActiveCfg = Debug|x64
		{CC183529-470F-4CB5-BA51-7BDF9EAEF96C}.Debug|x64.Build.0 = Debug|x64
		{CC183529-470F-4CB5-BA51-7BDF9EAEF96C}.Debug|x86.ActiveCfg = Debug|Win32
		{CC183529-470F-4CB5-BA51-7BDF9EAEF96C}.Debug|x86.Build.0 = Debug|Win32
		{CC183529-470F-4CB5-BA51-7BDF9EAEF96C}.Release|x64.ActiveCfg = Release|x64
		{CC183529-470F-4CB5-BA51-7BDF9EAEF96C}.Release|x64.Build.0 = Release|x64
		{CC183529-470F-4CB5-BA51-7BDF9EAEF96C}.Release|x86.ActiveCfg = Release|Win32
		{CC183529-470F-4CB5-BA51-7BDF9EAEF96C}.Release|x86.Build.0 = Release|Win32
		{A01D13F4-3792-4359-865E-65CA10817AA1}.Debug|x64.ActiveCfg = Debug|x64
		{A01D13F4-3792-4359-865E-65CA10817AA1}.Debug|x64.Build.0 = Debug|x64
		{A01D13F4-3792-4359-865E-65CA10817AA1}.Debug|x86.ActiveCfg = Debug|Win32
		{A01D13F4-3792-4359-865E-65CA10817AA1}.Debug|x86.Build.0 = Debug|Win32
		{A01D13F4-3792-4359-865E-65CA10817AA1}.Release|x64.ActiveCfg = Release|x64
		{A01D13F4-3792-4359-865E-65CA10817AA1}.Release|x64.Build.0 = Release|x64
		{A01D13F4-3792-4359-865E-65CA10817AA1}.Release|x86.ActiveCfg = Release|Win32
		{A01D13F4-3792-4359-865E-65CA10817AA1}.Release|x86.Build.0 = Release|Win32
		{6DFEEA95-CFB9-4F7D-B184-F9AADCAA44B7}.Debug|x64.ActiveCfg = Debug|x64
		{6DFEEA95-CFB9-4F7D-B184-F9AADCAA44B7}.Debug|x64.Build.0 = Debug|x64
		{6DFEEA95-CFB9-4F7D-B184-F9AADCAA44B7}.Debug|x86.ActiveCfg = Debug|Win32
		{6DFEEA95-CFB9-4F7D-B184-F9AADCAA44B7}.Debug|x86.Build.0 = Debug|Win32
		{6DFEEA95-CFB9-4F7D-B184-F9AADCAA44B7}.Release|x64.ActiveCfg = Release|x64
		{6DFEEA95-CFB9-4F7D-B184-F9AADCAA44B7}.Release|x64.Build.0 = Release|x64
		{6DFEEA95-CFB9-4F7D-B184-F9AADCAA44B7}.Release|x86.ActiveCfg = Release|Win32
		{6DFEEA95-CFB9-4F7D-B184-F9AADCAA44B7}.Release|x86.Build.0 = Release|Win32
		{05D86291-4B22-48D4-B6E4-40BF26230E9C}.Debug|x64.ActiveCfg = Debug|x64
		{05D86291-4B22-48D4-B6E4-40BF26230E9C}.Debug|x64.Build.0 = Debug|x64
		{05D86291-4B22-48D4-B6E4-40BF26230E9C}.Debug|x86.ActiveCfg = Debug|Win32
		{05D86291-4B22-48D4-B6E4-40BF26230E9C}.Debug|x86.Build.0 = Debug|Win32
		{05D86291-4B22-48D4-B6E4-40BF26230E9C}.Release|x64.ActiveCfg = Release|x64
		{05D86291-4B22-48D4-B6E4-40BF26230E9C}.Release|x64.Build.0 = Release|x64
		{05D86291-4B22-48D4-B6E4-40BF26230E9C}.Release|x86.ActiveCfg = Release|Win32
		{05D86291-4B22-48D4-B6E4-40BF26230E9C}.Release|x86.Build.0 = Release|Win32
		{E522CB85-A341-4D25-AE84-8B26C5BB6397}.Debug|x64.ActiveCfg = Debug|x64
		{E522CB85-A341-4D25-AE84-8B26C5BB6397}.Debug|x64.Build.0 = Debug|x64
		{E522CB85-A341-4D25-AE84-8B26C5BB6397}.Debug|x86.ActiveCfg = Debug|Win32
		{E522CB85-A341-4D25-AE84-8B26C5BB6397}.Debug|x86.Build.0 = Debug|Win32
		{E522CB85-A341-4D25-AE84-8B26C5BB6397}.Release|x64.ActiveCfg = Release|x64
		{E522CB85-A341-4D25-AE84-8B26C5BB6397}.Release|x64.Build.0 = Release|x64
		{E522CB85-A341-4D25-AE84-8B26C5BB6397}.Release|x86.ActiveCfg = Release|Win32
		{E522CB85-A341-4D25-AE84-8B26C5BB6397}.Release|x86.Build.0 = Release|Win32
		{F50EB5AB-5216-42D0-8131-521BE688F34D}.Debug|x64.ActiveCfg = Debug|x64
		{F50EB5AB-5216-42D0-8131-521BE688F34D}.Debug|x64.Build.0 = Debug|x64
		{F50EB5AB-5216-42D0-8131-521BE688F34D}.Debug|x86.ActiveCfg = Debug|Win32
		{F50EB5AB-5216-42D0-8131-521BE688F34D}.Debug|x86.Build.0 = Debug|Win32
		{F50EB5AB-5216-42D0-8131-521BE688F34D}.Release|x64.ActiveCfg = Release|x64
		{F50EB5AB-5216-42D0-8131-521BE688F34D}.Release|x64.Build.0 = Release|x64
		{F50EB5AB-5216-42D0-8131-521BE688F34D}.Release|x86.ActiveCfg = Release|Win32
		{F50EB5AB-5216-42D0-8131-521BE688F34D}.Release|x86.Build.0 = Release|Win32
		{14E49F1A-121C-402A-B5AA-FBDB4899E909}.Debug|x64.ActiveCfg = Debug|x64
		{14E49F1A-121C-402A-B5AA-FBDB4899E909}.Debug|x64.Build.0 = Debug|x64
		{14E49F1A-121C-402A-B5AA-FBDB4899E909}.Debug|x86.ActiveCfg = Debug|Win32
		{14E49F1A-121C-402A-B5AA-FBDB4899E909}.Debug|x86.Build.0 = Debug|Win32
		{14E49F1A-121C-402A-B5AA-FBDB4899E909}.Release|x64.ActiveCfg = Release|x64
		{14E49F1A-121C-402A-B5AA-FBDB4899E909}.Release|x64.Build.0 = Release|x64
		{14E49F1A-121C-402A-B5AA-FBDB4899E909}.Release|x86.ActiveCfg = Release|Win32
		{14E49F1A-121C-402A-B5AA-FBDB4899E909}.Release|x86.Build.0 = Release|Win32
		{282DDE8C-4A43-4E98-9DED-BC09809673EA}.Debug|x64.ActiveCfg = Debug|x64
		{282DDE8C-4A43-4E98-9DED-BC09809673EA}.Debug|x64.Build.0 = Debug|x64
		{282DDE8C-4A43-4E98-9DED-BC09809673EA}.Debug|x86.ActiveCfg = Debug|Win32
		{282DDE8C-4A43-4E98-9DED-BC09809673EA}.Debug|x86.Build.0 = Debug|Win32
		{282DDE8C-4A43-4E98-9DED-BC09809673EA}.Release|x64.ActiveCfg = Release|x64
		{282DDE8C-4A43-4E98-9DED-BC09809673EA}.Release|x64.Build.0 = Release|x64
		{282DDE8C-4A43-4E98-9DED-BC09809673EA}.Release|x86.ActiveCfg = Release|Win32
		{282DDE8C-4A43-4E98-9DED-BC09809673EA}.Release|x86.Build.0 = Release|Win32
		{10A69131-2674-4706-AEAB-F2EF8992FCE6}.Debug|x64.ActiveCfg = Debug|x64
		{10A69131-2674-4706-AEAB-F2EF8992FCE6}.Debug|x64.Build.0 = Debug|x64
		{10A69131-2674-4706-AEAB-F2EF8992FCE6}.Debug|x86.ActiveCfg = Debug|Win32
		{10A69131-2674-4706-AEAB-F2EF8992FCE6}.Debug|x86.Build.0 = Debug|Win32
		{10A69131-2674-4706-AEAB-F2EF8992FCE6}.Release|x64.ActiveCfg = Release|x64
		{10A69131-2674-4706-AEAB-F2EF8992FCE6}.Release|x64.Build.0 = Release|x64
		{10A69131-2674-4706-AEAB-F2EF8992FCE6}.Release|x86.ActiveCfg = Release|Win32
		{10A69131-2674-4706-AEAB-F2EF8992FCE6}.Release|x86.Build.0 = Release|Win32
		{C203C84B-3946-44CA-97B3-C5AB3395B6E9}.Debug|x64.ActiveCfg = Debug|x64
		{C203C84B-3946-44CA-97B3-C5AB3395B6E9}.Debug|x64.Build.0 = Debug|x64
		{C203C84B-3946-44CA-97B3-C5AB3395B6E9}.Debug|x86.ActiveCfg = Debug|Win32
		{C203C84B-3946-44CA-97B3-C5AB3395B6E9}.Debug|x86.Build.0 = Debug|Win32
		{C203C84B-3946-44CA-97B3-C5AB3395B6E9}.Release|x64.ActiveCfg = Release|x64
		{C203C84B-3946-44CA-97B3-C5AB3395B6E9}.Release|x64.Build.0 = Release|x64
		{C203C84B-3946-44CA-97B3-C5AB3395B6E9}.Release|x86.ActiveCfg = Release|Win32
		{C203C84B-3946-44CA-97B3-C5AB3395B6E9}.Release|x86.Build.0 = Release|Win32
		{9FC8EBA3-950A-4E99-8ED1-6D6131D17C45}.Debug|x64.ActiveCfg = Debug|x64
		{9FC8EBA3-950A-4E99-8ED1-6D6131D17C45}.Debug|x64.Build.0 = Debug|x64
		{9FC8EBA3-950A-4E99-8ED1-6D6131D17C45}.Debug|x86.ActiveCfg = Debug|Win32
		{9FC8EBA3-950A-4E99-8ED1-6D6131D17C45}.Debug|x86.Build.0 = Debug|Win32
		{9FC8EBA3-950A-4E99-8ED1-6D6131D17C45}.Release|x64.ActiveCfg = Release|x64
		{9FC8EBA3-950A-4E99-8ED1-6D6131D17C45}.Release|x64.Build.0 = Release|x64
		{9FC8EBA3-950A-4E99-8ED1-6D6131D17C45}.Release|x86.ActiveCfg = Release|Win32
		{9FC8EBA3-950A-4E99-8ED1-6D6131D17C45}.Release|x86.Build.0 = Release|Win32
	EndGlobalSection
	GlobalSection(SolutionProperties) = preSolution
		HideSolutionNode = FALSE
	EndGlobalSection
	GlobalSection(NestedProjects) = preSolution
		{94E654BF-A65E-4F45-8E18-DFDCF2FE48E8} = {3859C5A6-3878-4F41-A4E6-7EEFC96ACD53}
		{CC025C94-34DF-49C4-AC35-E3FF9FACB78D} = {3859C5A6-3878-4F41-A4E6-7EEFC96ACD53}
		{83E1C0F3-EC2D-47A5-9618-4337614E4EF1} = {3859C5A6-3878-4F41-A4E6-7EEFC96ACD53}
		{1B188F67-16AF-4D99-9395-C6DC7C64B133} = {854A23DA-D231-48BA-8273-4EF498916007}
		{8104EE23-24F9-4DA8-8E8D-ADA32A64F3F8} = {3859C5A6-3878-4F41-A4E6-7EEFC96ACD53}
		{AAC692D5-7B58-4BC8-AD98-4B676432B0B7} = {854A23DA-D231-48BA-8273-4EF498916007}
		{510FFBC9-E522-40E4-B5FD-0CCFF0BFBFFE} = {3859C5A6-3878-4F41-A4E6-7EEFC96ACD53}
		{042B58C7-2753-48D5-B27D-ED3554D9FB4E} = {3859C5A6-3878-4F41-A4E6-7EEFC96ACD53}
		{7E788C17-0A0A-465F-8D79-E9E1BE1657F2} = {3859C5A6-3878-4F41-A4E6-7EEFC96ACD53}
		{EBC98A7F-0BE5-41CC-BCBE-9FB268A1F019} = {854A23DA-D231-48BA-8273-4EF498916007}
		{72FF202E-5829-4324-B0CA-F3E69062968E} = {3C7F32A7-08A8-416E-A0B2-C8E45EA0C0F8}
		{5A502220-530C-4B92-B8B3-90692041EA66} = {812684E5-C996-4A9A-BDD3-487D1E2E4DD6}
		{10B713B6-7BEF-455D-9877-3A601EC910A8} = {812684E5-C996-4A9A-BDD3-487D1E2E4DD6}
		{722B4493-5276-4F72-A875-F3E1218FF60D} = {3859C5A6-3878-4F41-A4E6-7EEFC96ACD53}
		{6DFEEA95-CFB9-4F7D-B184-F9AADCAA44B7} = {3C7F32A7-08A8-416E-A0B2-C8E45EA0C0F8}
		{05D86291-4B22-48D4-B6E4-40BF26230E9C} = {3C7F32A7-08A8-416E-A0B2-C8E45EA0C0F8}
		{E522CB85-A341-4D25-AE84-8B26C5BB6397} = {3C7F32A7-08A8-416E-A0B2-C8E45EA0C0F8}
		{282DDE8C-4A43-4E98-9DED-BC09809673EA} = {3859C5A6-3878-4F41-A4E6-7EEFC96ACD53}
		{9FC8EBA3-950A-4E99-8ED1-6D6131D17C45} = {3859C5A6-3878-4F41-A4E6-7EEFC96ACD53}
	EndGlobalSection
	GlobalSection(ExtensibilityGlobals) = postSolution
		SolutionGuid = {41449DEA-43D1-4862-BAA9-ECAE8B9E884D}
	EndGlobalSection
EndGlobal
