
Microsoft Visual Studio Solution File, Format Version 12.00
# Visual Studio Version 17
VisualStudioVersion = 17.5.33424.131
MinimumVisualStudioVersion = 10.0.40219.1
Project("{8BC9CEB8-8B4A-11D0-8D11-00A0C91BC942}") = "001_AR47Start", "001_AR47Start\001_AR47Start.vcxproj", "{F505C4D1-D86B-4A95-A2E3-F998E44C99D4}"
EndProject
Project("{8BC9CEB8-8B4A-11D0-8D11-00A0C91BC942}") = "003_MainFunction", "003_MainFunction\003_MainFunction.vcxproj", "{6B8130AC-4BBB-4F49-B708-769F6B03AA2A}"
EndProject
Project("{8BC9CEB8-8B4A-11D0-8D11-00A0C91BC942}") = "004_Var", "004_Var\004_Var.vcxproj", "{1D43A094-FF2A-4F36-9170-1224227FBD06}"
EndProject
Project("{2150E333-8FDC-42A3-9474-1A3956D46DE8}") = "Doc", "Doc", "{01259C4E-E75D-4A6B-8E4F-C9F9D82C4B4D}"
	ProjectSection(SolutionItems) = preProject
		메모리영역.txt = 메모리영역.txt
		용어설명.txt = 용어설명.txt
	EndProjectSection
EndProject
Project("{8BC9CEB8-8B4A-11D0-8D11-00A0C91BC942}") = "005_Operator000", "005_Operator000\005_Operator000.vcxproj", "{0937EFD0-5E8E-4CB4-88FF-15A64ADE3B32}"
EndProject
Project("{8BC9CEB8-8B4A-11D0-8D11-00A0C91BC942}") = "006_InitOrCopy", "006_InitOrCopy\006_InitOrCopy.vcxproj", "{1947C1DD-B9AF-4D5C-9F9D-E1440B5BF4E6}"
EndProject
Project("{8BC9CEB8-8B4A-11D0-8D11-00A0C91BC942}") = "007_Operator001", "007_Operator001\007_Operator001.vcxproj", "{F58EF4B0-BB1A-4DEB-BC36-5302DA9EA996}"
EndProject
Project("{8BC9CEB8-8B4A-11D0-8D11-00A0C91BC942}") = "008_Bit", "008_Bit\008_Bit.vcxproj", "{CB097621-E729-422B-9A9E-FCCD09995E93}"
EndProject
Project("{8BC9CEB8-8B4A-11D0-8D11-00A0C91BC942}") = "009_Semicolon", "009_Semicolon\009_Semicolon.vcxproj", "{4851E945-5E52-42EF-993E-4453569F0843}"
EndProject
Project("{8BC9CEB8-8B4A-11D0-8D11-00A0C91BC942}") = "010_Operator002", "010_Operator002\010_Operator002.vcxproj", "{A39E82D9-FB8E-4D93-B574-6F2A075561B1}"
EndProject
Project("{8BC9CEB8-8B4A-11D0-8D11-00A0C91BC942}") = "011_Operator003", "011_Operator003\011_Operator003.vcxproj", "{5B282A47-33AE-4086-8C23-572FCDE4E55A}"
EndProject
Project("{8BC9CEB8-8B4A-11D0-8D11-00A0C91BC942}") = "012_FunctionAndMemory", "012_FunctionAndMemory\012_FunctionAndMemory.vcxproj", "{14217FFF-4010-4975-80A9-604C94D2A0E1}"
EndProject
Project("{8BC9CEB8-8B4A-11D0-8D11-00A0C91BC942}") = "002_Compaile", "002_Compaile\002_Compaile.vcxproj", "{6E0A41F2-A0D2-4F0D-8312-A8558453D8E9}"
EndProject
Project("{8BC9CEB8-8B4A-11D0-8D11-00A0C91BC942}") = "013_Function", "013_Function\013_Function.vcxproj", "{877FE5A8-434D-4C13-84AF-1DDD95B60853}"
EndProject
Project("{8BC9CEB8-8B4A-11D0-8D11-00A0C91BC942}") = "014_Unsigned", "014_Unsigned\014_Unsigned.vcxproj", "{F2C69BAA-A572-4D6D-A5E2-78BFE7C7F6CA}"
EndProject
Project("{8BC9CEB8-8B4A-11D0-8D11-00A0C91BC942}") = "015_Character", "015_Character\015_Character.vcxproj", "{5409D513-55EC-45BF-93CE-C905DD4FB9FA}"
EndProject
Project("{8BC9CEB8-8B4A-11D0-8D11-00A0C91BC942}") = "016_ArrayToString", "016_ArrayToString\016_ArrayToString.vcxproj", "{5960BA41-AB57-4048-8D36-BDC76EA1241D}"
EndProject
Project("{8BC9CEB8-8B4A-11D0-8D11-00A0C91BC942}") = "017_Printf", "017_Printf\017_Printf.vcxproj", "{8FAC8A85-8F8F-4386-B957-EF182BFE8157}"
EndProject
Project("{8BC9CEB8-8B4A-11D0-8D11-00A0C91BC942}") = "018_Const001", "018_Const\018_Const.vcxproj", "{A69408A2-25B2-4EE5-931F-8885E5CA1F17}"
EndProject
Project("{8BC9CEB8-8B4A-11D0-8D11-00A0C91BC942}") = "019_inline001", "019_inline\019_inline.vcxproj", "{CD969450-E666-4AB1-A8C0-F13E77B16897}"
EndProject
Global
	GlobalSection(SolutionConfigurationPlatforms) = preSolution
		Debug|x64 = Debug|x64
		Debug|x86 = Debug|x86
		Release|x64 = Release|x64
		Release|x86 = Release|x86
	EndGlobalSection
	GlobalSection(ProjectConfigurationPlatforms) = postSolution
		{F505C4D1-D86B-4A95-A2E3-F998E44C99D4}.Debug|x64.ActiveCfg = Debug|x64
		{F505C4D1-D86B-4A95-A2E3-F998E44C99D4}.Debug|x64.Build.0 = Debug|x64
		{F505C4D1-D86B-4A95-A2E3-F998E44C99D4}.Debug|x86.ActiveCfg = Debug|Win32
		{F505C4D1-D86B-4A95-A2E3-F998E44C99D4}.Debug|x86.Build.0 = Debug|Win32
		{F505C4D1-D86B-4A95-A2E3-F998E44C99D4}.Release|x64.ActiveCfg = Release|x64
		{F505C4D1-D86B-4A95-A2E3-F998E44C99D4}.Release|x64.Build.0 = Release|x64
		{F505C4D1-D86B-4A95-A2E3-F998E44C99D4}.Release|x86.ActiveCfg = Release|Win32
		{F505C4D1-D86B-4A95-A2E3-F998E44C99D4}.Release|x86.Build.0 = Release|Win32
		{6B8130AC-4BBB-4F49-B708-769F6B03AA2A}.Debug|x64.ActiveCfg = Debug|x64
		{6B8130AC-4BBB-4F49-B708-769F6B03AA2A}.Debug|x64.Build.0 = Debug|x64
		{6B8130AC-4BBB-4F49-B708-769F6B03AA2A}.Debug|x86.ActiveCfg = Debug|Win32
		{6B8130AC-4BBB-4F49-B708-769F6B03AA2A}.Debug|x86.Build.0 = Debug|Win32
		{6B8130AC-4BBB-4F49-B708-769F6B03AA2A}.Release|x64.ActiveCfg = Release|x64
		{6B8130AC-4BBB-4F49-B708-769F6B03AA2A}.Release|x64.Build.0 = Release|x64
		{6B8130AC-4BBB-4F49-B708-769F6B03AA2A}.Release|x86.ActiveCfg = Release|Win32
		{6B8130AC-4BBB-4F49-B708-769F6B03AA2A}.Release|x86.Build.0 = Release|Win32
		{1D43A094-FF2A-4F36-9170-1224227FBD06}.Debug|x64.ActiveCfg = Debug|x64
		{1D43A094-FF2A-4F36-9170-1224227FBD06}.Debug|x64.Build.0 = Debug|x64
		{1D43A094-FF2A-4F36-9170-1224227FBD06}.Debug|x86.ActiveCfg = Debug|Win32
		{1D43A094-FF2A-4F36-9170-1224227FBD06}.Debug|x86.Build.0 = Debug|Win32
		{1D43A094-FF2A-4F36-9170-1224227FBD06}.Release|x64.ActiveCfg = Release|x64
		{1D43A094-FF2A-4F36-9170-1224227FBD06}.Release|x64.Build.0 = Release|x64
		{1D43A094-FF2A-4F36-9170-1224227FBD06}.Release|x86.ActiveCfg = Release|Win32
		{1D43A094-FF2A-4F36-9170-1224227FBD06}.Release|x86.Build.0 = Release|Win32
		{0937EFD0-5E8E-4CB4-88FF-15A64ADE3B32}.Debug|x64.ActiveCfg = Debug|x64
		{0937EFD0-5E8E-4CB4-88FF-15A64ADE3B32}.Debug|x64.Build.0 = Debug|x64
		{0937EFD0-5E8E-4CB4-88FF-15A64ADE3B32}.Debug|x86.ActiveCfg = Debug|Win32
		{0937EFD0-5E8E-4CB4-88FF-15A64ADE3B32}.Debug|x86.Build.0 = Debug|Win32
		{0937EFD0-5E8E-4CB4-88FF-15A64ADE3B32}.Release|x64.ActiveCfg = Release|x64
		{0937EFD0-5E8E-4CB4-88FF-15A64ADE3B32}.Release|x64.Build.0 = Release|x64
		{0937EFD0-5E8E-4CB4-88FF-15A64ADE3B32}.Release|x86.ActiveCfg = Release|Win32
		{0937EFD0-5E8E-4CB4-88FF-15A64ADE3B32}.Release|x86.Build.0 = Release|Win32
		{1947C1DD-B9AF-4D5C-9F9D-E1440B5BF4E6}.Debug|x64.ActiveCfg = Debug|x64
		{1947C1DD-B9AF-4D5C-9F9D-E1440B5BF4E6}.Debug|x64.Build.0 = Debug|x64
		{1947C1DD-B9AF-4D5C-9F9D-E1440B5BF4E6}.Debug|x86.ActiveCfg = Debug|Win32
		{1947C1DD-B9AF-4D5C-9F9D-E1440B5BF4E6}.Debug|x86.Build.0 = Debug|Win32
		{1947C1DD-B9AF-4D5C-9F9D-E1440B5BF4E6}.Release|x64.ActiveCfg = Release|x64
		{1947C1DD-B9AF-4D5C-9F9D-E1440B5BF4E6}.Release|x64.Build.0 = Release|x64
		{1947C1DD-B9AF-4D5C-9F9D-E1440B5BF4E6}.Release|x86.ActiveCfg = Release|Win32
		{1947C1DD-B9AF-4D5C-9F9D-E1440B5BF4E6}.Release|x86.Build.0 = Release|Win32
		{F58EF4B0-BB1A-4DEB-BC36-5302DA9EA996}.Debug|x64.ActiveCfg = Debug|x64
		{F58EF4B0-BB1A-4DEB-BC36-5302DA9EA996}.Debug|x64.Build.0 = Debug|x64
		{F58EF4B0-BB1A-4DEB-BC36-5302DA9EA996}.Debug|x86.ActiveCfg = Debug|Win32
		{F58EF4B0-BB1A-4DEB-BC36-5302DA9EA996}.Debug|x86.Build.0 = Debug|Win32
		{F58EF4B0-BB1A-4DEB-BC36-5302DA9EA996}.Release|x64.ActiveCfg = Release|x64
		{F58EF4B0-BB1A-4DEB-BC36-5302DA9EA996}.Release|x64.Build.0 = Release|x64
		{F58EF4B0-BB1A-4DEB-BC36-5302DA9EA996}.Release|x86.ActiveCfg = Release|Win32
		{F58EF4B0-BB1A-4DEB-BC36-5302DA9EA996}.Release|x86.Build.0 = Release|Win32
		{CB097621-E729-422B-9A9E-FCCD09995E93}.Debug|x64.ActiveCfg = Debug|x64
		{CB097621-E729-422B-9A9E-FCCD09995E93}.Debug|x64.Build.0 = Debug|x64
		{CB097621-E729-422B-9A9E-FCCD09995E93}.Debug|x86.ActiveCfg = Debug|Win32
		{CB097621-E729-422B-9A9E-FCCD09995E93}.Debug|x86.Build.0 = Debug|Win32
		{CB097621-E729-422B-9A9E-FCCD09995E93}.Release|x64.ActiveCfg = Release|x64
		{CB097621-E729-422B-9A9E-FCCD09995E93}.Release|x64.Build.0 = Release|x64
		{CB097621-E729-422B-9A9E-FCCD09995E93}.Release|x86.ActiveCfg = Release|Win32
		{CB097621-E729-422B-9A9E-FCCD09995E93}.Release|x86.Build.0 = Release|Win32
		{4851E945-5E52-42EF-993E-4453569F0843}.Debug|x64.ActiveCfg = Debug|x64
		{4851E945-5E52-42EF-993E-4453569F0843}.Debug|x64.Build.0 = Debug|x64
		{4851E945-5E52-42EF-993E-4453569F0843}.Debug|x86.ActiveCfg = Debug|Win32
		{4851E945-5E52-42EF-993E-4453569F0843}.Debug|x86.Build.0 = Debug|Win32
		{4851E945-5E52-42EF-993E-4453569F0843}.Release|x64.ActiveCfg = Release|x64
		{4851E945-5E52-42EF-993E-4453569F0843}.Release|x64.Build.0 = Release|x64
		{4851E945-5E52-42EF-993E-4453569F0843}.Release|x86.ActiveCfg = Release|Win32
		{4851E945-5E52-42EF-993E-4453569F0843}.Release|x86.Build.0 = Release|Win32
		{A39E82D9-FB8E-4D93-B574-6F2A075561B1}.Debug|x64.ActiveCfg = Debug|x64
		{A39E82D9-FB8E-4D93-B574-6F2A075561B1}.Debug|x64.Build.0 = Debug|x64
		{A39E82D9-FB8E-4D93-B574-6F2A075561B1}.Debug|x86.ActiveCfg = Debug|Win32
		{A39E82D9-FB8E-4D93-B574-6F2A075561B1}.Debug|x86.Build.0 = Debug|Win32
		{A39E82D9-FB8E-4D93-B574-6F2A075561B1}.Release|x64.ActiveCfg = Release|x64
		{A39E82D9-FB8E-4D93-B574-6F2A075561B1}.Release|x64.Build.0 = Release|x64
		{A39E82D9-FB8E-4D93-B574-6F2A075561B1}.Release|x86.ActiveCfg = Release|Win32
		{A39E82D9-FB8E-4D93-B574-6F2A075561B1}.Release|x86.Build.0 = Release|Win32
		{5B282A47-33AE-4086-8C23-572FCDE4E55A}.Debug|x64.ActiveCfg = Debug|x64
		{5B282A47-33AE-4086-8C23-572FCDE4E55A}.Debug|x64.Build.0 = Debug|x64
		{5B282A47-33AE-4086-8C23-572FCDE4E55A}.Debug|x86.ActiveCfg = Debug|Win32
		{5B282A47-33AE-4086-8C23-572FCDE4E55A}.Debug|x86.Build.0 = Debug|Win32
		{5B282A47-33AE-4086-8C23-572FCDE4E55A}.Release|x64.ActiveCfg = Release|x64
		{5B282A47-33AE-4086-8C23-572FCDE4E55A}.Release|x64.Build.0 = Release|x64
		{5B282A47-33AE-4086-8C23-572FCDE4E55A}.Release|x86.ActiveCfg = Release|Win32
		{5B282A47-33AE-4086-8C23-572FCDE4E55A}.Release|x86.Build.0 = Release|Win32
		{14217FFF-4010-4975-80A9-604C94D2A0E1}.Debug|x64.ActiveCfg = Debug|x64
		{14217FFF-4010-4975-80A9-604C94D2A0E1}.Debug|x64.Build.0 = Debug|x64
		{14217FFF-4010-4975-80A9-604C94D2A0E1}.Debug|x86.ActiveCfg = Debug|Win32
		{14217FFF-4010-4975-80A9-604C94D2A0E1}.Debug|x86.Build.0 = Debug|Win32
		{14217FFF-4010-4975-80A9-604C94D2A0E1}.Release|x64.ActiveCfg = Release|x64
		{14217FFF-4010-4975-80A9-604C94D2A0E1}.Release|x64.Build.0 = Release|x64
		{14217FFF-4010-4975-80A9-604C94D2A0E1}.Release|x86.ActiveCfg = Release|Win32
		{14217FFF-4010-4975-80A9-604C94D2A0E1}.Release|x86.Build.0 = Release|Win32
		{6E0A41F2-A0D2-4F0D-8312-A8558453D8E9}.Debug|x64.ActiveCfg = Debug|x64
		{6E0A41F2-A0D2-4F0D-8312-A8558453D8E9}.Debug|x64.Build.0 = Debug|x64
		{6E0A41F2-A0D2-4F0D-8312-A8558453D8E9}.Debug|x86.ActiveCfg = Debug|Win32
		{6E0A41F2-A0D2-4F0D-8312-A8558453D8E9}.Debug|x86.Build.0 = Debug|Win32
		{6E0A41F2-A0D2-4F0D-8312-A8558453D8E9}.Release|x64.ActiveCfg = Release|x64
		{6E0A41F2-A0D2-4F0D-8312-A8558453D8E9}.Release|x64.Build.0 = Release|x64
		{6E0A41F2-A0D2-4F0D-8312-A8558453D8E9}.Release|x86.ActiveCfg = Release|Win32
		{6E0A41F2-A0D2-4F0D-8312-A8558453D8E9}.Release|x86.Build.0 = Release|Win32
		{877FE5A8-434D-4C13-84AF-1DDD95B60853}.Debug|x64.ActiveCfg = Debug|x64
		{877FE5A8-434D-4C13-84AF-1DDD95B60853}.Debug|x64.Build.0 = Debug|x64
		{877FE5A8-434D-4C13-84AF-1DDD95B60853}.Debug|x86.ActiveCfg = Debug|Win32
		{877FE5A8-434D-4C13-84AF-1DDD95B60853}.Debug|x86.Build.0 = Debug|Win32
		{877FE5A8-434D-4C13-84AF-1DDD95B60853}.Release|x64.ActiveCfg = Release|x64
		{877FE5A8-434D-4C13-84AF-1DDD95B60853}.Release|x64.Build.0 = Release|x64
		{877FE5A8-434D-4C13-84AF-1DDD95B60853}.Release|x86.ActiveCfg = Release|Win32
		{877FE5A8-434D-4C13-84AF-1DDD95B60853}.Release|x86.Build.0 = Release|Win32
		{F2C69BAA-A572-4D6D-A5E2-78BFE7C7F6CA}.Debug|x64.ActiveCfg = Debug|x64
		{F2C69BAA-A572-4D6D-A5E2-78BFE7C7F6CA}.Debug|x64.Build.0 = Debug|x64
		{F2C69BAA-A572-4D6D-A5E2-78BFE7C7F6CA}.Debug|x86.ActiveCfg = Debug|Win32
		{F2C69BAA-A572-4D6D-A5E2-78BFE7C7F6CA}.Debug|x86.Build.0 = Debug|Win32
		{F2C69BAA-A572-4D6D-A5E2-78BFE7C7F6CA}.Release|x64.ActiveCfg = Release|x64
		{F2C69BAA-A572-4D6D-A5E2-78BFE7C7F6CA}.Release|x64.Build.0 = Release|x64
		{F2C69BAA-A572-4D6D-A5E2-78BFE7C7F6CA}.Release|x86.ActiveCfg = Release|Win32
		{F2C69BAA-A572-4D6D-A5E2-78BFE7C7F6CA}.Release|x86.Build.0 = Release|Win32
		{5409D513-55EC-45BF-93CE-C905DD4FB9FA}.Debug|x64.ActiveCfg = Debug|x64
		{5409D513-55EC-45BF-93CE-C905DD4FB9FA}.Debug|x64.Build.0 = Debug|x64
		{5409D513-55EC-45BF-93CE-C905DD4FB9FA}.Debug|x86.ActiveCfg = Debug|Win32
		{5409D513-55EC-45BF-93CE-C905DD4FB9FA}.Debug|x86.Build.0 = Debug|Win32
		{5409D513-55EC-45BF-93CE-C905DD4FB9FA}.Release|x64.ActiveCfg = Release|x64
		{5409D513-55EC-45BF-93CE-C905DD4FB9FA}.Release|x64.Build.0 = Release|x64
		{5409D513-55EC-45BF-93CE-C905DD4FB9FA}.Release|x86.ActiveCfg = Release|Win32
		{5409D513-55EC-45BF-93CE-C905DD4FB9FA}.Release|x86.Build.0 = Release|Win32
		{5960BA41-AB57-4048-8D36-BDC76EA1241D}.Debug|x64.ActiveCfg = Debug|x64
		{5960BA41-AB57-4048-8D36-BDC76EA1241D}.Debug|x64.Build.0 = Debug|x64
		{5960BA41-AB57-4048-8D36-BDC76EA1241D}.Debug|x86.ActiveCfg = Debug|Win32
		{5960BA41-AB57-4048-8D36-BDC76EA1241D}.Debug|x86.Build.0 = Debug|Win32
		{5960BA41-AB57-4048-8D36-BDC76EA1241D}.Release|x64.ActiveCfg = Release|x64
		{5960BA41-AB57-4048-8D36-BDC76EA1241D}.Release|x64.Build.0 = Release|x64
		{5960BA41-AB57-4048-8D36-BDC76EA1241D}.Release|x86.ActiveCfg = Release|Win32
		{5960BA41-AB57-4048-8D36-BDC76EA1241D}.Release|x86.Build.0 = Release|Win32
		{8FAC8A85-8F8F-4386-B957-EF182BFE8157}.Debug|x64.ActiveCfg = Debug|x64
		{8FAC8A85-8F8F-4386-B957-EF182BFE8157}.Debug|x64.Build.0 = Debug|x64
		{8FAC8A85-8F8F-4386-B957-EF182BFE8157}.Debug|x86.ActiveCfg = Debug|Win32
		{8FAC8A85-8F8F-4386-B957-EF182BFE8157}.Debug|x86.Build.0 = Debug|Win32
		{8FAC8A85-8F8F-4386-B957-EF182BFE8157}.Release|x64.ActiveCfg = Release|x64
		{8FAC8A85-8F8F-4386-B957-EF182BFE8157}.Release|x64.Build.0 = Release|x64
		{8FAC8A85-8F8F-4386-B957-EF182BFE8157}.Release|x86.ActiveCfg = Release|Win32
		{8FAC8A85-8F8F-4386-B957-EF182BFE8157}.Release|x86.Build.0 = Release|Win32
		{A69408A2-25B2-4EE5-931F-8885E5CA1F17}.Debug|x64.ActiveCfg = Debug|x64
		{A69408A2-25B2-4EE5-931F-8885E5CA1F17}.Debug|x64.Build.0 = Debug|x64
		{A69408A2-25B2-4EE5-931F-8885E5CA1F17}.Debug|x86.ActiveCfg = Debug|Win32
		{A69408A2-25B2-4EE5-931F-8885E5CA1F17}.Debug|x86.Build.0 = Debug|Win32
		{A69408A2-25B2-4EE5-931F-8885E5CA1F17}.Release|x64.ActiveCfg = Release|x64
		{A69408A2-25B2-4EE5-931F-8885E5CA1F17}.Release|x64.Build.0 = Release|x64
		{A69408A2-25B2-4EE5-931F-8885E5CA1F17}.Release|x86.ActiveCfg = Release|Win32
		{A69408A2-25B2-4EE5-931F-8885E5CA1F17}.Release|x86.Build.0 = Release|Win32
		{CD969450-E666-4AB1-A8C0-F13E77B16897}.Debug|x64.ActiveCfg = Debug|x64
		{CD969450-E666-4AB1-A8C0-F13E77B16897}.Debug|x64.Build.0 = Debug|x64
		{CD969450-E666-4AB1-A8C0-F13E77B16897}.Debug|x86.ActiveCfg = Debug|Win32
		{CD969450-E666-4AB1-A8C0-F13E77B16897}.Debug|x86.Build.0 = Debug|Win32
		{CD969450-E666-4AB1-A8C0-F13E77B16897}.Release|x64.ActiveCfg = Release|x64
		{CD969450-E666-4AB1-A8C0-F13E77B16897}.Release|x64.Build.0 = Release|x64
		{CD969450-E666-4AB1-A8C0-F13E77B16897}.Release|x86.ActiveCfg = Release|Win32
		{CD969450-E666-4AB1-A8C0-F13E77B16897}.Release|x86.Build.0 = Release|Win32
	EndGlobalSection
	GlobalSection(SolutionProperties) = preSolution
		HideSolutionNode = FALSE
	EndGlobalSection
	GlobalSection(ExtensibilityGlobals) = postSolution
		SolutionGuid = {41449DEA-43D1-4862-BAA9-ECAE8B9E884D}
	EndGlobalSection
EndGlobal
